// !$*UTF8*$!
{
	archiveVersion = 1;
	classes = {
	};
	objectVersion = 46;
	objects = {

/* Begin PBXBuildFile section */
		17138F961DEF1B7200C6C354 /* TopViewController.m in Sources */ = {isa = PBXBuildFile; fileRef = 17138F951DEF1B7200C6C354 /* TopViewController.m */; };
		17138F9A1DEF27F500C6C354 /* PresentAnimation.m in Sources */ = {isa = PBXBuildFile; fileRef = 17138F991DEF27F500C6C354 /* PresentAnimation.m */; };
		1D7B265F1DED1D6F00A1C1A1 /* main.m in Sources */ = {isa = PBXBuildFile; fileRef = 1D7B265E1DED1D6F00A1C1A1 /* main.m */; };
		1D7B26621DED1D6F00A1C1A1 /* AppDelegate.m in Sources */ = {isa = PBXBuildFile; fileRef = 1D7B26611DED1D6F00A1C1A1 /* AppDelegate.m */; };
		1D7B266A1DED1D6F00A1C1A1 /* Assets.xcassets in Resources */ = {isa = PBXBuildFile; fileRef = 1D7B26691DED1D6F00A1C1A1 /* Assets.xcassets */; };
		1D7B26771DED1F4C00A1C1A1 /* MainViewController.m in Sources */ = {isa = PBXBuildFile; fileRef = 1D7B26761DED1F4C00A1C1A1 /* MainViewController.m */; };
		1D7B267C1DED3D8D00A1C1A1 /* UIColor+ColorChange.m in Sources */ = {isa = PBXBuildFile; fileRef = 1D7B267B1DED3D8D00A1C1A1 /* UIColor+ColorChange.m */; };
		1D7B26861DEE999900A1C1A1 /* AlphaColorHelper.m in Sources */ = {isa = PBXBuildFile; fileRef = 1D7B26851DEE999900A1C1A1 /* AlphaColorHelper.m */; };
		1D7B26A61DEEBBCE00A1C1A1 /* AVFoundation.framework in Frameworks */ = {isa = PBXBuildFile; fileRef = 1D7B26A51DEEBBCE00A1C1A1 /* AVFoundation.framework */; };
		1D7B26BA1DEED98100A1C1A1 /* NSMutableArray+STKAudioPlayer.m in Sources */ = {isa = PBXBuildFile; fileRef = 1D7B26A81DEED98100A1C1A1 /* NSMutableArray+STKAudioPlayer.m */; };
		1D7B26BB1DEED98100A1C1A1 /* STKAudioPlayer.m in Sources */ = {isa = PBXBuildFile; fileRef = 1D7B26AA1DEED98100A1C1A1 /* STKAudioPlayer.m */; };
		1D7B26BC1DEED98100A1C1A1 /* STKAutoRecoveringHTTPDataSource.m in Sources */ = {isa = PBXBuildFile; fileRef = 1D7B26AC1DEED98100A1C1A1 /* STKAutoRecoveringHTTPDataSource.m */; };
		1D7B26BD1DEED98100A1C1A1 /* STKCoreFoundationDataSource.m in Sources */ = {isa = PBXBuildFile; fileRef = 1D7B26AE1DEED98100A1C1A1 /* STKCoreFoundationDataSource.m */; };
		1D7B26BE1DEED98100A1C1A1 /* STKDataSource.m in Sources */ = {isa = PBXBuildFile; fileRef = 1D7B26B01DEED98100A1C1A1 /* STKDataSource.m */; };
		1D7B26BF1DEED98100A1C1A1 /* STKDataSourceWrapper.m in Sources */ = {isa = PBXBuildFile; fileRef = 1D7B26B21DEED98100A1C1A1 /* STKDataSourceWrapper.m */; };
		1D7B26C01DEED98100A1C1A1 /* STKHTTPDataSource.m in Sources */ = {isa = PBXBuildFile; fileRef = 1D7B26B41DEED98100A1C1A1 /* STKHTTPDataSource.m */; };
		1D7B26C11DEED98100A1C1A1 /* STKLocalFileDataSource.m in Sources */ = {isa = PBXBuildFile; fileRef = 1D7B26B61DEED98100A1C1A1 /* STKLocalFileDataSource.m */; };
		1D7B26C21DEED98100A1C1A1 /* STKQueueEntry.m in Sources */ = {isa = PBXBuildFile; fileRef = 1D7B26B81DEED98100A1C1A1 /* STKQueueEntry.m */; };
		1D7B26C61DEEDEF100A1C1A1 /* SearchViewController.m in Sources */ = {isa = PBXBuildFile; fileRef = 1D7B26C51DEEDEF100A1C1A1 /* SearchViewController.m */; };
		1D7B26CD1DEEE5BA00A1C1A1 /* BottomViewController.m in Sources */ = {isa = PBXBuildFile; fileRef = 1D7B26CC1DEEE5BA00A1C1A1 /* BottomViewController.m */; };
/* End PBXBuildFile section */

/* Begin PBXFileReference section */
		17138F941DEF1B7200C6C354 /* TopViewController.h */ = {isa = PBXFileReference; fileEncoding = 4; lastKnownFileType = sourcecode.c.h; path = TopViewController.h; sourceTree = "<group>"; };
		17138F951DEF1B7200C6C354 /* TopViewController.m */ = {isa = PBXFileReference; fileEncoding = 4; lastKnownFileType = sourcecode.c.objc; path = TopViewController.m; sourceTree = "<group>"; };
		17138F981DEF27F500C6C354 /* PresentAnimation.h */ = {isa = PBXFileReference; fileEncoding = 4; lastKnownFileType = sourcecode.c.h; path = PresentAnimation.h; sourceTree = "<group>"; };
		17138F991DEF27F500C6C354 /* PresentAnimation.m */ = {isa = PBXFileReference; fileEncoding = 4; lastKnownFileType = sourcecode.c.objc; path = PresentAnimation.m; sourceTree = "<group>"; };
		1D7B265A1DED1D6F00A1C1A1 /* vmusic.app */ = {isa = PBXFileReference; explicitFileType = wrapper.application; includeInIndex = 0; path = vmusic.app; sourceTree = BUILT_PRODUCTS_DIR; };
		1D7B265E1DED1D6F00A1C1A1 /* main.m */ = {isa = PBXFileReference; lastKnownFileType = sourcecode.c.objc; path = main.m; sourceTree = "<group>"; };
		1D7B26601DED1D6F00A1C1A1 /* AppDelegate.h */ = {isa = PBXFileReference; lastKnownFileType = sourcecode.c.h; path = AppDelegate.h; sourceTree = "<group>"; };
		1D7B26611DED1D6F00A1C1A1 /* AppDelegate.m */ = {isa = PBXFileReference; lastKnownFileType = sourcecode.c.objc; path = AppDelegate.m; sourceTree = "<group>"; };
		1D7B26691DED1D6F00A1C1A1 /* Assets.xcassets */ = {isa = PBXFileReference; lastKnownFileType = folder.assetcatalog; path = Assets.xcassets; sourceTree = "<group>"; };
		1D7B266E1DED1D6F00A1C1A1 /* Info.plist */ = {isa = PBXFileReference; lastKnownFileType = text.plist.xml; path = Info.plist; sourceTree = "<group>"; };
		1D7B26751DED1F4C00A1C1A1 /* MainViewController.h */ = {isa = PBXFileReference; fileEncoding = 4; lastKnownFileType = sourcecode.c.h; path = MainViewController.h; sourceTree = "<group>"; };
		1D7B26761DED1F4C00A1C1A1 /* MainViewController.m */ = {isa = PBXFileReference; fileEncoding = 4; lastKnownFileType = sourcecode.c.objc; path = MainViewController.m; sourceTree = "<group>"; };
		1D7B267A1DED3D8D00A1C1A1 /* UIColor+ColorChange.h */ = {isa = PBXFileReference; fileEncoding = 4; lastKnownFileType = sourcecode.c.h; path = "UIColor+ColorChange.h"; sourceTree = "<group>"; };
		1D7B267B1DED3D8D00A1C1A1 /* UIColor+ColorChange.m */ = {isa = PBXFileReference; fileEncoding = 4; lastKnownFileType = sourcecode.c.objc; path = "UIColor+ColorChange.m"; sourceTree = "<group>"; };
		1D7B26841DEE999900A1C1A1 /* AlphaColorHelper.h */ = {isa = PBXFileReference; fileEncoding = 4; lastKnownFileType = sourcecode.c.h; path = AlphaColorHelper.h; sourceTree = "<group>"; };
		1D7B26851DEE999900A1C1A1 /* AlphaColorHelper.m */ = {isa = PBXFileReference; fileEncoding = 4; lastKnownFileType = sourcecode.c.objc; path = AlphaColorHelper.m; sourceTree = "<group>"; };
		1D7B26A51DEEBBCE00A1C1A1 /* AVFoundation.framework */ = {isa = PBXFileReference; lastKnownFileType = wrapper.framework; name = AVFoundation.framework; path = System/Library/Frameworks/AVFoundation.framework; sourceTree = SDKROOT; };
		1D7B26A71DEED98100A1C1A1 /* NSMutableArray+STKAudioPlayer.h */ = {isa = PBXFileReference; fileEncoding = 4; lastKnownFileType = sourcecode.c.h; path = "NSMutableArray+STKAudioPlayer.h"; sourceTree = "<group>"; };
		1D7B26A81DEED98100A1C1A1 /* NSMutableArray+STKAudioPlayer.m */ = {isa = PBXFileReference; fileEncoding = 4; lastKnownFileType = sourcecode.c.objc; path = "NSMutableArray+STKAudioPlayer.m"; sourceTree = "<group>"; };
		1D7B26A91DEED98100A1C1A1 /* STKAudioPlayer.h */ = {isa = PBXFileReference; fileEncoding = 4; lastKnownFileType = sourcecode.c.h; path = STKAudioPlayer.h; sourceTree = "<group>"; };
		1D7B26AA1DEED98100A1C1A1 /* STKAudioPlayer.m */ = {isa = PBXFileReference; fileEncoding = 4; lastKnownFileType = sourcecode.c.objc; path = STKAudioPlayer.m; sourceTree = "<group>"; };
		1D7B26AB1DEED98100A1C1A1 /* STKAutoRecoveringHTTPDataSource.h */ = {isa = PBXFileReference; fileEncoding = 4; lastKnownFileType = sourcecode.c.h; path = STKAutoRecoveringHTTPDataSource.h; sourceTree = "<group>"; };
		1D7B26AC1DEED98100A1C1A1 /* STKAutoRecoveringHTTPDataSource.m */ = {isa = PBXFileReference; fileEncoding = 4; lastKnownFileType = sourcecode.c.objc; path = STKAutoRecoveringHTTPDataSource.m; sourceTree = "<group>"; };
		1D7B26AD1DEED98100A1C1A1 /* STKCoreFoundationDataSource.h */ = {isa = PBXFileReference; fileEncoding = 4; lastKnownFileType = sourcecode.c.h; path = STKCoreFoundationDataSource.h; sourceTree = "<group>"; };
		1D7B26AE1DEED98100A1C1A1 /* STKCoreFoundationDataSource.m */ = {isa = PBXFileReference; fileEncoding = 4; lastKnownFileType = sourcecode.c.objc; path = STKCoreFoundationDataSource.m; sourceTree = "<group>"; };
		1D7B26AF1DEED98100A1C1A1 /* STKDataSource.h */ = {isa = PBXFileReference; fileEncoding = 4; lastKnownFileType = sourcecode.c.h; path = STKDataSource.h; sourceTree = "<group>"; };
		1D7B26B01DEED98100A1C1A1 /* STKDataSource.m */ = {isa = PBXFileReference; fileEncoding = 4; lastKnownFileType = sourcecode.c.objc; path = STKDataSource.m; sourceTree = "<group>"; };
		1D7B26B11DEED98100A1C1A1 /* STKDataSourceWrapper.h */ = {isa = PBXFileReference; fileEncoding = 4; lastKnownFileType = sourcecode.c.h; path = STKDataSourceWrapper.h; sourceTree = "<group>"; };
		1D7B26B21DEED98100A1C1A1 /* STKDataSourceWrapper.m */ = {isa = PBXFileReference; fileEncoding = 4; lastKnownFileType = sourcecode.c.objc; path = STKDataSourceWrapper.m; sourceTree = "<group>"; };
		1D7B26B31DEED98100A1C1A1 /* STKHTTPDataSource.h */ = {isa = PBXFileReference; fileEncoding = 4; lastKnownFileType = sourcecode.c.h; path = STKHTTPDataSource.h; sourceTree = "<group>"; };
		1D7B26B41DEED98100A1C1A1 /* STKHTTPDataSource.m */ = {isa = PBXFileReference; fileEncoding = 4; lastKnownFileType = sourcecode.c.objc; path = STKHTTPDataSource.m; sourceTree = "<group>"; };
		1D7B26B51DEED98100A1C1A1 /* STKLocalFileDataSource.h */ = {isa = PBXFileReference; fileEncoding = 4; lastKnownFileType = sourcecode.c.h; path = STKLocalFileDataSource.h; sourceTree = "<group>"; };
		1D7B26B61DEED98100A1C1A1 /* STKLocalFileDataSource.m */ = {isa = PBXFileReference; fileEncoding = 4; lastKnownFileType = sourcecode.c.objc; path = STKLocalFileDataSource.m; sourceTree = "<group>"; };
		1D7B26B71DEED98100A1C1A1 /* STKQueueEntry.h */ = {isa = PBXFileReference; fileEncoding = 4; lastKnownFileType = sourcecode.c.h; path = STKQueueEntry.h; sourceTree = "<group>"; };
		1D7B26B81DEED98100A1C1A1 /* STKQueueEntry.m */ = {isa = PBXFileReference; fileEncoding = 4; lastKnownFileType = sourcecode.c.objc; path = STKQueueEntry.m; sourceTree = "<group>"; };
		1D7B26B91DEED98100A1C1A1 /* StreamingKit-Prefix.pch */ = {isa = PBXFileReference; fileEncoding = 4; lastKnownFileType = sourcecode.c.h; path = "StreamingKit-Prefix.pch"; sourceTree = "<group>"; };
		1D7B26C41DEEDEF100A1C1A1 /* SearchViewController.h */ = {isa = PBXFileReference; fileEncoding = 4; lastKnownFileType = sourcecode.c.h; path = SearchViewController.h; sourceTree = "<group>"; };
		1D7B26C51DEEDEF100A1C1A1 /* SearchViewController.m */ = {isa = PBXFileReference; fileEncoding = 4; lastKnownFileType = sourcecode.c.objc; path = SearchViewController.m; sourceTree = "<group>"; };
		1D7B26CB1DEEE5BA00A1C1A1 /* BottomViewController.h */ = {isa = PBXFileReference; fileEncoding = 4; lastKnownFileType = sourcecode.c.h; path = BottomViewController.h; sourceTree = "<group>"; };
		1D7B26CC1DEEE5BA00A1C1A1 /* BottomViewController.m */ = {isa = PBXFileReference; fileEncoding = 4; lastKnownFileType = sourcecode.c.objc; path = BottomViewController.m; sourceTree = "<group>"; };
/* End PBXFileReference section */

/* Begin PBXFrameworksBuildPhase section */
		1D7B26571DED1D6F00A1C1A1 /* Frameworks */ = {
			isa = PBXFrameworksBuildPhase;
			buildActionMask = 2147483647;
			files = (
				1D7B26A61DEEBBCE00A1C1A1 /* AVFoundation.framework in Frameworks */,
			);
			runOnlyForDeploymentPostprocessing = 0;
		};
/* End PBXFrameworksBuildPhase section */

/* Begin PBXGroup section */
		17138F971DEF27C800C6C354 /* presentervc */ = {
			isa = PBXGroup;
			children = (
				17138F981DEF27F500C6C354 /* PresentAnimation.h */,
				17138F991DEF27F500C6C354 /* PresentAnimation.m */,
			);
			name = presentervc;
			sourceTree = "<group>";
		};
		1D7B26511DED1D6F00A1C1A1 = {
			isa = PBXGroup;
			children = (
				1D7B265C1DED1D6F00A1C1A1 /* vmusic */,
				1D7B265B1DED1D6F00A1C1A1 /* Products */,
				1D7B26A41DEEBBCE00A1C1A1 /* Frameworks */,
			);
			sourceTree = "<group>";
		};
		1D7B265B1DED1D6F00A1C1A1 /* Products */ = {
			isa = PBXGroup;
			children = (
				1D7B265A1DED1D6F00A1C1A1 /* vmusic.app */,
			);
			name = Products;
			sourceTree = "<group>";
		};
		1D7B265C1DED1D6F00A1C1A1 /* vmusic */ = {
			isa = PBXGroup;
			children = (
				1D7B26C71DEEE56700A1C1A1 /* test */,
				1D7B26C31DEEDED200A1C1A1 /* search */,
				1D7B26871DEEBB1900A1C1A1 /* audio */,
				1D7B267D1DED3D9100A1C1A1 /* util */,
				1D7B26741DED1F2B00A1C1A1 /* main */,
				1D7B26601DED1D6F00A1C1A1 /* AppDelegate.h */,
				1D7B26611DED1D6F00A1C1A1 /* AppDelegate.m */,
				1D7B26691DED1D6F00A1C1A1 /* Assets.xcassets */,
				1D7B266E1DED1D6F00A1C1A1 /* Info.plist */,
				1D7B265D1DED1D6F00A1C1A1 /* Supporting Files */,
			);
			path = vmusic;
			sourceTree = "<group>";
		};
		1D7B265D1DED1D6F00A1C1A1 /* Supporting Files */ = {
			isa = PBXGroup;
			children = (
				1D7B265E1DED1D6F00A1C1A1 /* main.m */,
			);
			name = "Supporting Files";
			sourceTree = "<group>";
		};
		1D7B26741DED1F2B00A1C1A1 /* main */ = {
			isa = PBXGroup;
			children = (
				1D7B26751DED1F4C00A1C1A1 /* MainViewController.h */,
				1D7B26761DED1F4C00A1C1A1 /* MainViewController.m */,
			);
			name = main;
			sourceTree = "<group>";
		};
		1D7B267D1DED3D9100A1C1A1 /* util */ = {
			isa = PBXGroup;
			children = (
				17138F971DEF27C800C6C354 /* presentervc */,
				1D7B26831DEE8EA600A1C1A1 /* colorhelper */,
				1D7B26821DEE8E9300A1C1A1 /* color */,
			);
			name = util;
			sourceTree = "<group>";
		};
		1D7B26821DEE8E9300A1C1A1 /* color */ = {
			isa = PBXGroup;
			children = (
				1D7B267A1DED3D8D00A1C1A1 /* UIColor+ColorChange.h */,
				1D7B267B1DED3D8D00A1C1A1 /* UIColor+ColorChange.m */,
			);
			name = color;
			sourceTree = "<group>";
		};
		1D7B26831DEE8EA600A1C1A1 /* colorhelper */ = {
			isa = PBXGroup;
			children = (
				1D7B26841DEE999900A1C1A1 /* AlphaColorHelper.h */,
				1D7B26851DEE999900A1C1A1 /* AlphaColorHelper.m */,
			);
			name = colorhelper;
			sourceTree = "<group>";
		};
		1D7B26871DEEBB1900A1C1A1 /* audio */ = {
			isa = PBXGroup;
			children = (
				1D7B26A71DEED98100A1C1A1 /* NSMutableArray+STKAudioPlayer.h */,
				1D7B26A81DEED98100A1C1A1 /* NSMutableArray+STKAudioPlayer.m */,
				1D7B26A91DEED98100A1C1A1 /* STKAudioPlayer.h */,
				1D7B26AA1DEED98100A1C1A1 /* STKAudioPlayer.m */,
				1D7B26AB1DEED98100A1C1A1 /* STKAutoRecoveringHTTPDataSource.h */,
				1D7B26AC1DEED98100A1C1A1 /* STKAutoRecoveringHTTPDataSource.m */,
				1D7B26AD1DEED98100A1C1A1 /* STKCoreFoundationDataSource.h */,
				1D7B26AE1DEED98100A1C1A1 /* STKCoreFoundationDataSource.m */,
				1D7B26AF1DEED98100A1C1A1 /* STKDataSource.h */,
				1D7B26B01DEED98100A1C1A1 /* STKDataSource.m */,
				1D7B26B11DEED98100A1C1A1 /* STKDataSourceWrapper.h */,
				1D7B26B21DEED98100A1C1A1 /* STKDataSourceWrapper.m */,
				1D7B26B31DEED98100A1C1A1 /* STKHTTPDataSource.h */,
				1D7B26B41DEED98100A1C1A1 /* STKHTTPDataSource.m */,
				1D7B26B51DEED98100A1C1A1 /* STKLocalFileDataSource.h */,
				1D7B26B61DEED98100A1C1A1 /* STKLocalFileDataSource.m */,
				1D7B26B71DEED98100A1C1A1 /* STKQueueEntry.h */,
				1D7B26B81DEED98100A1C1A1 /* STKQueueEntry.m */,
				1D7B26B91DEED98100A1C1A1 /* StreamingKit-Prefix.pch */,
			);
			name = audio;
			sourceTree = "<group>";
		};
		1D7B26A41DEEBBCE00A1C1A1 /* Frameworks */ = {
			isa = PBXGroup;
			children = (
				1D7B26A51DEEBBCE00A1C1A1 /* AVFoundation.framework */,
			);
			name = Frameworks;
			sourceTree = "<group>";
		};
		1D7B26C31DEEDED200A1C1A1 /* search */ = {
			isa = PBXGroup;
			children = (
				1D7B26C41DEEDEF100A1C1A1 /* SearchViewController.h */,
				1D7B26C51DEEDEF100A1C1A1 /* SearchViewController.m */,
			);
			name = search;
			sourceTree = "<group>";
		};
		1D7B26C71DEEE56700A1C1A1 /* test */ = {
			isa = PBXGroup;
			children = (
				1D7B26CB1DEEE5BA00A1C1A1 /* BottomViewController.h */,
				1D7B26CC1DEEE5BA00A1C1A1 /* BottomViewController.m */,
				17138F941DEF1B7200C6C354 /* TopViewController.h */,
				17138F951DEF1B7200C6C354 /* TopViewController.m */,
			);
			name = test;
			sourceTree = "<group>";
		};
/* End PBXGroup section */

/* Begin PBXNativeTarget section */
		1D7B26591DED1D6F00A1C1A1 /* vmusic */ = {
			isa = PBXNativeTarget;
			buildConfigurationList = 1D7B26711DED1D6F00A1C1A1 /* Build configuration list for PBXNativeTarget "vmusic" */;
			buildPhases = (
				1D7B26561DED1D6F00A1C1A1 /* Sources */,
				1D7B26571DED1D6F00A1C1A1 /* Frameworks */,
				1D7B26581DED1D6F00A1C1A1 /* Resources */,
			);
			buildRules = (
			);
			dependencies = (
			);
			name = vmusic;
			productName = vmusic;
			productReference = 1D7B265A1DED1D6F00A1C1A1 /* vmusic.app */;
			productType = "com.apple.product-type.application";
		};
/* End PBXNativeTarget section */

/* Begin PBXProject section */
		1D7B26521DED1D6F00A1C1A1 /* Project object */ = {
			isa = PBXProject;
			attributes = {
				LastUpgradeCheck = 0810;
				ORGANIZATIONNAME = vac;
				TargetAttributes = {
					1D7B26591DED1D6F00A1C1A1 = {
						CreatedOnToolsVersion = 8.1;
						DevelopmentTeam = 92J3D5S8UZ;
						ProvisioningStyle = Automatic;
					};
				};
			};
			buildConfigurationList = 1D7B26551DED1D6F00A1C1A1 /* Build configuration list for PBXProject "vmusic" */;
			compatibilityVersion = "Xcode 3.2";
			developmentRegion = English;
			hasScannedForEncodings = 0;
			knownRegions = (
				en,
				Base,
			);
			mainGroup = 1D7B26511DED1D6F00A1C1A1;
			productRefGroup = 1D7B265B1DED1D6F00A1C1A1 /* Products */;
			projectDirPath = "";
			projectRoot = "";
			targets = (
				1D7B26591DED1D6F00A1C1A1 /* vmusic */,
			);
		};
/* End PBXProject section */

/* Begin PBXResourcesBuildPhase section */
		1D7B26581DED1D6F00A1C1A1 /* Resources */ = {
			isa = PBXResourcesBuildPhase;
			buildActionMask = 2147483647;
			files = (
				1D7B266A1DED1D6F00A1C1A1 /* Assets.xcassets in Resources */,
			);
			runOnlyForDeploymentPostprocessing = 0;
		};
/* End PBXResourcesBuildPhase section */

/* Begin PBXSourcesBuildPhase section */
		1D7B26561DED1D6F00A1C1A1 /* Sources */ = {
			isa = PBXSourcesBuildPhase;
			buildActionMask = 2147483647;
			files = (
				1D7B26621DED1D6F00A1C1A1 /* AppDelegate.m in Sources */,
				1D7B26BF1DEED98100A1C1A1 /* STKDataSourceWrapper.m in Sources */,
				1D7B26BB1DEED98100A1C1A1 /* STKAudioPlayer.m in Sources */,
				1D7B26C21DEED98100A1C1A1 /* STKQueueEntry.m in Sources */,
				1D7B26C01DEED98100A1C1A1 /* STKHTTPDataSource.m in Sources */,
				1D7B26BC1DEED98100A1C1A1 /* STKAutoRecoveringHTTPDataSource.m in Sources */,
				17138F9A1DEF27F500C6C354 /* PresentAnimation.m in Sources */,
				1D7B26BE1DEED98100A1C1A1 /* STKDataSource.m in Sources */,
				1D7B26C61DEEDEF100A1C1A1 /* SearchViewController.m in Sources */,
				17138F961DEF1B7200C6C354 /* TopViewController.m in Sources */,
				1D7B267C1DED3D8D00A1C1A1 /* UIColor+ColorChange.m in Sources */,
				1D7B26771DED1F4C00A1C1A1 /* MainViewController.m in Sources */,
				1D7B26861DEE999900A1C1A1 /* AlphaColorHelper.m in Sources */,
				1D7B26BA1DEED98100A1C1A1 /* NSMutableArray+STKAudioPlayer.m in Sources */,
				1D7B265F1DED1D6F00A1C1A1 /* main.m in Sources */,
				1D7B26BD1DEED98100A1C1A1 /* STKCoreFoundationDataSource.m in Sources */,
				1D7B26CD1DEEE5BA00A1C1A1 /* BottomViewController.m in Sources */,
				1D7B26C11DEED98100A1C1A1 /* STKLocalFileDataSource.m in Sources */,
			);
			runOnlyForDeploymentPostprocessing = 0;
		};
/* End PBXSourcesBuildPhase section */

/* Begin XCBuildConfiguration section */
		1D7B266F1DED1D6F00A1C1A1 /* Debug */ = {
			isa = XCBuildConfiguration;
			buildSettings = {
				ALWAYS_SEARCH_USER_PATHS = NO;
				CLANG_ANALYZER_NONNULL = YES;
				CLANG_CXX_LANGUAGE_STANDARD = "gnu++0x";
				CLANG_CXX_LIBRARY = "libc++";
				CLANG_ENABLE_MODULES = YES;
				CLANG_ENABLE_OBJC_ARC = YES;
				CLANG_WARN_BOOL_CONVERSION = YES;
				CLANG_WARN_CONSTANT_CONVERSION = YES;
				CLANG_WARN_DIRECT_OBJC_ISA_USAGE = YES_ERROR;
				CLANG_WARN_DOCUMENTATION_COMMENTS = YES;
				CLANG_WARN_EMPTY_BODY = YES;
				CLANG_WARN_ENUM_CONVERSION = YES;
				CLANG_WARN_INFINITE_RECURSION = YES;
				CLANG_WARN_INT_CONVERSION = YES;
				CLANG_WARN_OBJC_ROOT_CLASS = YES_ERROR;
				CLANG_WARN_SUSPICIOUS_MOVES = YES;
				CLANG_WARN_UNREACHABLE_CODE = YES;
				CLANG_WARN__DUPLICATE_METHOD_MATCH = YES;
				"CODE_SIGN_IDENTITY[sdk=iphoneos*]" = "iPhone Developer";
				COPY_PHASE_STRIP = NO;
				DEBUG_INFORMATION_FORMAT = dwarf;
				ENABLE_STRICT_OBJC_MSGSEND = YES;
				ENABLE_TESTABILITY = YES;
				GCC_C_LANGUAGE_STANDARD = gnu99;
				GCC_DYNAMIC_NO_PIC = NO;
				GCC_NO_COMMON_BLOCKS = YES;
				GCC_OPTIMIZATION_LEVEL = 0;
				GCC_PREPROCESSOR_DEFINITIONS = (
					"DEBUG=1",
					"$(inherited)",
				);
				GCC_WARN_64_TO_32_BIT_CONVERSION = YES;
				GCC_WARN_ABOUT_RETURN_TYPE = YES_ERROR;
				GCC_WARN_UNDECLARED_SELECTOR = YES;
				GCC_WARN_UNINITIALIZED_AUTOS = YES_AGGRESSIVE;
				GCC_WARN_UNUSED_FUNCTION = YES;
				GCC_WARN_UNUSED_VARIABLE = YES;
				IPHONEOS_DEPLOYMENT_TARGET = 10.1;
				MTL_ENABLE_DEBUG_INFO = YES;
				ONLY_ACTIVE_ARCH = YES;
				SDKROOT = iphoneos;
			};
			name = Debug;
		};
		1D7B26701DED1D6F00A1C1A1 /* Release */ = {
			isa = XCBuildConfiguration;
			buildSettings = {
				ALWAYS_SEARCH_USER_PATHS = NO;
				CLANG_ANALYZER_NONNULL = YES;
				CLANG_CXX_LANGUAGE_STANDARD = "gnu++0x";
				CLANG_CXX_LIBRARY = "libc++";
				CLANG_ENABLE_MODULES = YES;
				CLANG_ENABLE_OBJC_ARC = YES;
				CLANG_WARN_BOOL_CONVERSION = YES;
				CLANG_WARN_CONSTANT_CONVERSION = YES;
				CLANG_WARN_DIRECT_OBJC_ISA_USAGE = YES_ERROR;
				CLANG_WARN_DOCUMENTATION_COMMENTS = YES;
				CLANG_WARN_EMPTY_BODY = YES;
				CLANG_WARN_ENUM_CONVERSION = YES;
				CLANG_WARN_INFINITE_RECURSION = YES;
				CLANG_WARN_INT_CONVERSION = YES;
				CLANG_WARN_OBJC_ROOT_CLASS = YES_ERROR;
				CLANG_WARN_SUSPICIOUS_MOVES = YES;
				CLANG_WARN_UNREACHABLE_CODE = YES;
				CLANG_WARN__DUPLICATE_METHOD_MATCH = YES;
				"CODE_SIGN_IDENTITY[sdk=iphoneos*]" = "iPhone Developer";
				COPY_PHASE_STRIP = NO;
				DEBUG_INFORMATION_FORMAT = "dwarf-with-dsym";
				ENABLE_NS_ASSERTIONS = NO;
				ENABLE_STRICT_OBJC_MSGSEND = YES;
				GCC_C_LANGUAGE_STANDARD = gnu99;
				GCC_NO_COMMON_BLOCKS = YES;
				GCC_WARN_64_TO_32_BIT_CONVERSION = YES;
				GCC_WARN_ABOUT_RETURN_TYPE = YES_ERROR;
				GCC_WARN_UNDECLARED_SELECTOR = YES;
				GCC_WARN_UNINITIALIZED_AUTOS = YES_AGGRESSIVE;
				GCC_WARN_UNUSED_FUNCTION = YES;
				GCC_WARN_UNUSED_VARIABLE = YES;
				IPHONEOS_DEPLOYMENT_TARGET = 10.1;
				MTL_ENABLE_DEBUG_INFO = NO;
				SDKROOT = iphoneos;
				VALIDATE_PRODUCT = YES;
			};
			name = Release;
		};
		1D7B26721DED1D6F00A1C1A1 /* Debug */ = {
			isa = XCBuildConfiguration;
			buildSettings = {
				ASSETCATALOG_COMPILER_APPICON_NAME = AppIcon;
				DEVELOPMENT_TEAM = 92J3D5S8UZ;
				INFOPLIST_FILE = vmusic/Info.plist;
				LD_RUNPATH_SEARCH_PATHS = "$(inherited) @executable_path/Frameworks";
				PRODUCT_BUNDLE_IDENTIFIER = com.vac.vmusic;
				PRODUCT_NAME = "$(TARGET_NAME)";
			};
			name = Debug;
		};
		1D7B26731DED1D6F00A1C1A1 /* Release */ = {
			isa = XCBuildConfiguration;
			buildSettings = {
				ASSETCATALOG_COMPILER_APPICON_NAME = AppIcon;
				DEVELOPMENT_TEAM = 92J3D5S8UZ;
				INFOPLIST_FILE = vmusic/Info.plist;
				LD_RUNPATH_SEARCH_PATHS = "$(inherited) @executable_path/Frameworks";
				PRODUCT_BUNDLE_IDENTIFIER = com.vac.vmusic;
				PRODUCT_NAME = "$(TARGET_NAME)";
			};
			name = Release;
		};
/* End XCBuildConfiguration section */

/* Begin XCConfigurationList section */
		1D7B26551DED1D6F00A1C1A1 /* Build configuration list for PBXProject "vmusic" */ = {
			isa = XCConfigurationList;
			buildConfigurations = (
				1D7B266F1DED1D6F00A1C1A1 /* Debug */,
				1D7B26701DED1D6F00A1C1A1 /* Release */,
			);
			defaultConfigurationIsVisible = 0;
			defaultConfigurationName = Release;
		};
		1D7B26711DED1D6F00A1C1A1 /* Build configuration list for PBXNativeTarget "vmusic" */ = {
			isa = XCConfigurationList;
			buildConfigurations = (
				1D7B26721DED1D6F00A1C1A1 /* Debug */,
				1D7B26731DED1D6F00A1C1A1 /* Release */,
			);
			defaultConfigurationIsVisible = 0;
			defaultConfigurationName = Release;
		};
/* End XCConfigurationList section */
	};
	rootObject = 1D7B26521DED1D6F00A1C1A1 /* Project object */;
}
