// !$*UTF8*$!
{
	archiveVersion = 1;
	classes = {
	};
	objectVersion = 46;
	objects = {

/* Begin PBXBuildFile section */
		1D7B265F1DED1D6F00A1C1A1 /* main.m in Sources */ = {isa = PBXBuildFile; fileRef = 1D7B265E1DED1D6F00A1C1A1 /* main.m */; };
		1D7B26621DED1D6F00A1C1A1 /* AppDelegate.m in Sources */ = {isa = PBXBuildFile; fileRef = 1D7B26611DED1D6F00A1C1A1 /* AppDelegate.m */; };
		1D7B266A1DED1D6F00A1C1A1 /* Assets.xcassets in Resources */ = {isa = PBXBuildFile; fileRef = 1D7B26691DED1D6F00A1C1A1 /* Assets.xcassets */; };
		1D7B26771DED1F4C00A1C1A1 /* MainViewController.m in Sources */ = {isa = PBXBuildFile; fileRef = 1D7B26761DED1F4C00A1C1A1 /* MainViewController.m */; };
		1D7B267C1DED3D8D00A1C1A1 /* UIColor+ColorChange.m in Sources */ = {isa = PBXBuildFile; fileRef = 1D7B267B1DED3D8D00A1C1A1 /* UIColor+ColorChange.m */; };
/* End PBXBuildFile section */

/* Begin PBXFileReference section */
		1D7B265A1DED1D6F00A1C1A1 /* vmusic.app */ = {isa = PBXFileReference; explicitFileType = wrapper.application; includeInIndex = 0; path = vmusic.app; sourceTree = BUILT_PRODUCTS_DIR; };
		1D7B265E1DED1D6F00A1C1A1 /* main.m */ = {isa = PBXFileReference; lastKnownFileType = sourcecode.c.objc; path = main.m; sourceTree = "<group>"; };
		1D7B26601DED1D6F00A1C1A1 /* AppDelegate.h */ = {isa = PBXFileReference; lastKnownFileType = sourcecode.c.h; path = AppDelegate.h; sourceTree = "<group>"; };
		1D7B26611DED1D6F00A1C1A1 /* AppDelegate.m */ = {isa = PBXFileReference; lastKnownFileType = sourcecode.c.objc; path = AppDelegate.m; sourceTree = "<group>"; };
		1D7B26691DED1D6F00A1C1A1 /* Assets.xcassets */ = {isa = PBXFileReference; lastKnownFileType = folder.assetcatalog; path = Assets.xcassets; sourceTree = "<group>"; };
		1D7B266E1DED1D6F00A1C1A1 /* Info.plist */ = {isa = PBXFileReference; lastKnownFileType = text.plist.xml; path = Info.plist; sourceTree = "<group>"; };
		1D7B26751DED1F4C00A1C1A1 /* MainViewController.h */ = {isa = PBXFileReference; fileEncoding = 4; lastKnownFileType = sourcecode.c.h; path = MainViewController.h; sourceTree = "<group>"; };
		1D7B26761DED1F4C00A1C1A1 /* MainViewController.m */ = {isa = PBXFileReference; fileEncoding = 4; lastKnownFileType = sourcecode.c.objc; path = MainViewController.m; sourceTree = "<group>"; };
		1D7B267A1DED3D8D00A1C1A1 /* UIColor+ColorChange.h */ = {isa = PBXFileReference; fileEncoding = 4; lastKnownFileType = sourcecode.c.h; path = "UIColor+ColorChange.h"; sourceTree = "<group>"; };
		1D7B267B1DED3D8D00A1C1A1 /* UIColor+ColorChange.m */ = {isa = PBXFileReference; fileEncoding = 4; lastKnownFileType = sourcecode.c.objc; path = "UIColor+ColorChange.m"; sourceTree = "<group>"; };
/* End PBXFileReference section */

/* Begin PBXFrameworksBuildPhase section */
		1D7B26571DED1D6F00A1C1A1 /* Frameworks */ = {
			isa = PBXFrameworksBuildPhase;
			buildActionMask = 2147483647;
			files = (
			);
			runOnlyForDeploymentPostprocessing = 0;
		};
/* End PBXFrameworksBuildPhase section */

/* Begin PBXGroup section */
		1D7B26511DED1D6F00A1C1A1 = {
			isa = PBXGroup;
			children = (
				1D7B265C1DED1D6F00A1C1A1 /* vmusic */,
				1D7B265B1DED1D6F00A1C1A1 /* Products */,
			);
			sourceTree = "<group>";
		};
		1D7B265B1DED1D6F00A1C1A1 /* Products */ = {
			isa = PBXGroup;
			children = (
				1D7B265A1DED1D6F00A1C1A1 /* vmusic.app */,
			);
			name = Products;
			sourceTree = "<group>";
		};
		1D7B265C1DED1D6F00A1C1A1 /* vmusic */ = {
			isa = PBXGroup;
			children = (
				1D7B267D1DED3D9100A1C1A1 /* util */,
				1D7B26741DED1F2B00A1C1A1 /* main */,
				1D7B26601DED1D6F00A1C1A1 /* AppDelegate.h */,
				1D7B26611DED1D6F00A1C1A1 /* AppDelegate.m */,
				1D7B26691DED1D6F00A1C1A1 /* Assets.xcassets */,
				1D7B266E1DED1D6F00A1C1A1 /* Info.plist */,
				1D7B265D1DED1D6F00A1C1A1 /* Supporting Files */,
			);
			path = vmusic;
			sourceTree = "<group>";
		};
		1D7B265D1DED1D6F00A1C1A1 /* Supporting Files */ = {
			isa = PBXGroup;
			children = (
				1D7B265E1DED1D6F00A1C1A1 /* main.m */,
			);
			name = "Supporting Files";
			sourceTree = "<group>";
		};
		1D7B26741DED1F2B00A1C1A1 /* main */ = {
			isa = PBXGroup;
			children = (
				1D7B26751DED1F4C00A1C1A1 /* MainViewController.h */,
				1D7B26761DED1F4C00A1C1A1 /* MainViewController.m */,
			);
			name = main;
			sourceTree = "<group>";
		};
		1D7B267D1DED3D9100A1C1A1 /* util */ = {
			isa = PBXGroup;
			children = (
				1D7B267A1DED3D8D00A1C1A1 /* UIColor+ColorChange.h */,
				1D7B267B1DED3D8D00A1C1A1 /* UIColor+ColorChange.m */,
			);
			name = util;
			sourceTree = "<group>";
		};
/* End PBXGroup section */

/* Begin PBXNativeTarget section */
		1D7B26591DED1D6F00A1C1A1 /* vmusic */ = {
			isa = PBXNativeTarget;
			buildConfigurationList = 1D7B26711DED1D6F00A1C1A1 /* Build configuration list for PBXNativeTarget "vmusic" */;
			buildPhases = (
				1D7B26561DED1D6F00A1C1A1 /* Sources */,
				1D7B26571DED1D6F00A1C1A1 /* Frameworks */,
				1D7B26581DED1D6F00A1C1A1 /* Resources */,
			);
			buildRules = (
			);
			dependencies = (
			);
			name = vmusic;
			productName = vmusic;
			productReference = 1D7B265A1DED1D6F00A1C1A1 /* vmusic.app */;
			productType = "com.apple.product-type.application";
		};
/* End PBXNativeTarget section */

/* Begin PBXProject section */
		1D7B26521DED1D6F00A1C1A1 /* Project object */ = {
			isa = PBXProject;
			attributes = {
				LastUpgradeCheck = 0810;
				ORGANIZATIONNAME = vac;
				TargetAttributes = {
					1D7B26591DED1D6F00A1C1A1 = {
						CreatedOnToolsVersion = 8.1;
						ProvisioningStyle = Automatic;
					};
				};
			};
			buildConfigurationList = 1D7B26551DED1D6F00A1C1A1 /* Build configuration list for PBXProject "vmusic" */;
			compatibilityVersion = "Xcode 3.2";
			developmentRegion = English;
			hasScannedForEncodings = 0;
			knownRegions = (
				en,
				Base,
			);
			mainGroup = 1D7B26511DED1D6F00A1C1A1;
			productRefGroup = 1D7B265B1DED1D6F00A1C1A1 /* Products */;
			projectDirPath = "";
			projectRoot = "";
			targets = (
				1D7B26591DED1D6F00A1C1A1 /* vmusic */,
			);
		};
/* End PBXProject section */

/* Begin PBXResourcesBuildPhase section */
		1D7B26581DED1D6F00A1C1A1 /* Resources */ = {
			isa = PBXResourcesBuildPhase;
			buildActionMask = 2147483647;
			files = (
				1D7B266A1DED1D6F00A1C1A1 /* Assets.xcassets in Resources */,
			);
			runOnlyForDeploymentPostprocessing = 0;
		};
/* End PBXResourcesBuildPhase section */

/* Begin PBXSourcesBuildPhase section */
		1D7B26561DED1D6F00A1C1A1 /* Sources */ = {
			isa = PBXSourcesBuildPhase;
			buildActionMask = 2147483647;
			files = (
				1D7B26621DED1D6F00A1C1A1 /* AppDelegate.m in Sources */,
				1D7B267C1DED3D8D00A1C1A1 /* UIColor+ColorChange.m in Sources */,
				1D7B26771DED1F4C00A1C1A1 /* MainViewController.m in Sources */,
				1D7B265F1DED1D6F00A1C1A1 /* main.m in Sources */,
			);
			runOnlyForDeploymentPostprocessing = 0;
		};
/* End PBXSourcesBuildPhase section */

/* Begin XCBuildConfiguration section */
		1D7B266F1DED1D6F00A1C1A1 /* Debug */ = {
			isa = XCBuildConfiguration;
			buildSettings = {
				ALWAYS_SEARCH_USER_PATHS = NO;
				CLANG_ANALYZER_NONNULL = YES;
				CLANG_CXX_LANGUAGE_STANDARD = "gnu++0x";
				CLANG_CXX_LIBRARY = "libc++";
				CLANG_ENABLE_MODULES = YES;
				CLANG_ENABLE_OBJC_ARC = YES;
				CLANG_WARN_BOOL_CONVERSION = YES;
				CLANG_WARN_CONSTANT_CONVERSION = YES;
				CLANG_WARN_DIRECT_OBJC_ISA_USAGE = YES_ERROR;
				CLANG_WARN_DOCUMENTATION_COMMENTS = YES;
				CLANG_WARN_EMPTY_BODY = YES;
				CLANG_WARN_ENUM_CONVERSION = YES;
				CLANG_WARN_INFINITE_RECURSION = YES;
				CLANG_WARN_INT_CONVERSION = YES;
				CLANG_WARN_OBJC_ROOT_CLASS = YES_ERROR;
				CLANG_WARN_SUSPICIOUS_MOVES = YES;
				CLANG_WARN_UNREACHABLE_CODE = YES;
				CLANG_WARN__DUPLICATE_METHOD_MATCH = YES;
				"CODE_SIGN_IDENTITY[sdk=iphoneos*]" = "iPhone Developer";
				COPY_PHASE_STRIP = NO;
				DEBUG_INFORMATION_FORMAT = dwarf;
				ENABLE_STRICT_OBJC_MSGSEND = YES;
				ENABLE_TESTABILITY = YES;
				GCC_C_LANGUAGE_STANDARD = gnu99;
				GCC_DYNAMIC_NO_PIC = NO;
				GCC_NO_COMMON_BLOCKS = YES;
				GCC_OPTIMIZATION_LEVEL = 0;
				GCC_PREPROCESSOR_DEFINITIONS = (
					"DEBUG=1",
					"$(inherited)",
				);
				GCC_WARN_64_TO_32_BIT_CONVERSION = YES;
				GCC_WARN_ABOUT_RETURN_TYPE = YES_ERROR;
				GCC_WARN_UNDECLARED_SELECTOR = YES;
				GCC_WARN_UNINITIALIZED_AUTOS = YES_AGGRESSIVE;
				GCC_WARN_UNUSED_FUNCTION = YES;
				GCC_WARN_UNUSED_VARIABLE = YES;
				IPHONEOS_DEPLOYMENT_TARGET = 10.1;
				MTL_ENABLE_DEBUG_INFO = YES;
				ONLY_ACTIVE_ARCH = YES;
				SDKROOT = iphoneos;
			};
			name = Debug;
		};
		1D7B26701DED1D6F00A1C1A1 /* Release */ = {
			isa = XCBuildConfiguration;
			buildSettings = {
				ALWAYS_SEARCH_USER_PATHS = NO;
				CLANG_ANALYZER_NONNULL = YES;
				CLANG_CXX_LANGUAGE_STANDARD = "gnu++0x";
				CLANG_CXX_LIBRARY = "libc++";
				CLANG_ENABLE_MODULES = YES;
				CLANG_ENABLE_OBJC_ARC = YES;
				CLANG_WARN_BOOL_CONVERSION = YES;
				CLANG_WARN_CONSTANT_CONVERSION = YES;
				CLANG_WARN_DIRECT_OBJC_ISA_USAGE = YES_ERROR;
				CLANG_WARN_DOCUMENTATION_COMMENTS = YES;
				CLANG_WARN_EMPTY_BODY = YES;
				CLANG_WARN_ENUM_CONVERSION = YES;
				CLANG_WARN_INFINITE_RECURSION = YES;
				CLANG_WARN_INT_CONVERSION = YES;
				CLANG_WARN_OBJC_ROOT_CLASS = YES_ERROR;
				CLANG_WARN_SUSPICIOUS_MOVES = YES;
				CLANG_WARN_UNREACHABLE_CODE = YES;
				CLANG_WARN__DUPLICATE_METHOD_MATCH = YES;
				"CODE_SIGN_IDENTITY[sdk=iphoneos*]" = "iPhone Developer";
				COPY_PHASE_STRIP = NO;
				DEBUG_INFORMATION_FORMAT = "dwarf-with-dsym";
				ENABLE_NS_ASSERTIONS = NO;
				ENABLE_STRICT_OBJC_MSGSEND = YES;
				GCC_C_LANGUAGE_STANDARD = gnu99;
				GCC_NO_COMMON_BLOCKS = YES;
				GCC_WARN_64_TO_32_BIT_CONVERSION = YES;
				GCC_WARN_ABOUT_RETURN_TYPE = YES_ERROR;
				GCC_WARN_UNDECLARED_SELECTOR = YES;
				GCC_WARN_UNINITIALIZED_AUTOS = YES_AGGRESSIVE;
				GCC_WARN_UNUSED_FUNCTION = YES;
				GCC_WARN_UNUSED_VARIABLE = YES;
				IPHONEOS_DEPLOYMENT_TARGET = 10.1;
				MTL_ENABLE_DEBUG_INFO = NO;
				SDKROOT = iphoneos;
				VALIDATE_PRODUCT = YES;
			};
			name = Release;
		};
		1D7B26721DED1D6F00A1C1A1 /* Debug */ = {
			isa = XCBuildConfiguration;
			buildSettings = {
				ASSETCATALOG_COMPILER_APPICON_NAME = AppIcon;
				INFOPLIST_FILE = vmusic/Info.plist;
				LD_RUNPATH_SEARCH_PATHS = "$(inherited) @executable_path/Frameworks";
				PRODUCT_BUNDLE_IDENTIFIER = com.vac.vmusic;
				PRODUCT_NAME = "$(TARGET_NAME)";
			};
			name = Debug;
		};
		1D7B26731DED1D6F00A1C1A1 /* Release */ = {
			isa = XCBuildConfiguration;
			buildSettings = {
				ASSETCATALOG_COMPILER_APPICON_NAME = AppIcon;
				INFOPLIST_FILE = vmusic/Info.plist;
				LD_RUNPATH_SEARCH_PATHS = "$(inherited) @executable_path/Frameworks";
				PRODUCT_BUNDLE_IDENTIFIER = com.vac.vmusic;
				PRODUCT_NAME = "$(TARGET_NAME)";
			};
			name = Release;
		};
/* End XCBuildConfiguration section */

/* Begin XCConfigurationList section */
		1D7B26551DED1D6F00A1C1A1 /* Build configuration list for PBXProject "vmusic" */ = {
			isa = XCConfigurationList;
			buildConfigurations = (
				1D7B266F1DED1D6F00A1C1A1 /* Debug */,
				1D7B26701DED1D6F00A1C1A1 /* Release */,
			);
			defaultConfigurationIsVisible = 0;
			defaultConfigurationName = Release;
		};
		1D7B26711DED1D6F00A1C1A1 /* Build configuration list for PBXNativeTarget "vmusic" */ = {
			isa = XCConfigurationList;
			buildConfigurations = (
				1D7B26721DED1D6F00A1C1A1 /* Debug */,
				1D7B26731DED1D6F00A1C1A1 /* Release */,
			);
			defaultConfigurationIsVisible = 0;
		};
/* End XCConfigurationList section */
	};
	rootObject = 1D7B26521DED1D6F00A1C1A1 /* Project object */;
}
