// !$*UTF8*$!
{
	archiveVersion = 1;
	classes = {
	};
	objectVersion = 46;
	objects = {

/* Begin PBXBuildFile section */
		177CB99B1DF4049B00E197C9 /* MyMusicQueueId.m in Sources */ = {isa = PBXBuildFile; fileRef = 177CB99A1DF4049B00E197C9 /* MyMusicQueueId.m */; };
		177CB9A01DF4331B00E197C9 /* TingSongUtil.m in Sources */ = {isa = PBXBuildFile; fileRef = 177CB99F1DF4331B00E197C9 /* TingSongUtil.m */; };
		1D7B265F1DED1D6F00A1C1A1 /* main.m in Sources */ = {isa = PBXBuildFile; fileRef = 1D7B265E1DED1D6F00A1C1A1 /* main.m */; };
		1D7B26621DED1D6F00A1C1A1 /* AppDelegate.m in Sources */ = {isa = PBXBuildFile; fileRef = 1D7B26611DED1D6F00A1C1A1 /* AppDelegate.m */; };
		1D7B266A1DED1D6F00A1C1A1 /* Assets.xcassets in Resources */ = {isa = PBXBuildFile; fileRef = 1D7B26691DED1D6F00A1C1A1 /* Assets.xcassets */; };
		1D7B26771DED1F4C00A1C1A1 /* MainViewController.m in Sources */ = {isa = PBXBuildFile; fileRef = 1D7B26761DED1F4C00A1C1A1 /* MainViewController.m */; };
		1D7B267C1DED3D8D00A1C1A1 /* UIColor+ColorChange.m in Sources */ = {isa = PBXBuildFile; fileRef = 1D7B267B1DED3D8D00A1C1A1 /* UIColor+ColorChange.m */; };
		1D7B26861DEE999900A1C1A1 /* AlphaColorHelper.m in Sources */ = {isa = PBXBuildFile; fileRef = 1D7B26851DEE999900A1C1A1 /* AlphaColorHelper.m */; };
		1D7B26A61DEEBBCE00A1C1A1 /* AVFoundation.framework in Frameworks */ = {isa = PBXBuildFile; fileRef = 1D7B26A51DEEBBCE00A1C1A1 /* AVFoundation.framework */; };
		1D7B26BA1DEED98100A1C1A1 /* NSMutableArray+STKAudioPlayer.m in Sources */ = {isa = PBXBuildFile; fileRef = 1D7B26A81DEED98100A1C1A1 /* NSMutableArray+STKAudioPlayer.m */; };
		1D7B26BB1DEED98100A1C1A1 /* STKAudioPlayer.m in Sources */ = {isa = PBXBuildFile; fileRef = 1D7B26AA1DEED98100A1C1A1 /* STKAudioPlayer.m */; };
		1D7B26BC1DEED98100A1C1A1 /* STKAutoRecoveringHTTPDataSource.m in Sources */ = {isa = PBXBuildFile; fileRef = 1D7B26AC1DEED98100A1C1A1 /* STKAutoRecoveringHTTPDataSource.m */; };
		1D7B26BD1DEED98100A1C1A1 /* STKCoreFoundationDataSource.m in Sources */ = {isa = PBXBuildFile; fileRef = 1D7B26AE1DEED98100A1C1A1 /* STKCoreFoundationDataSource.m */; };
		1D7B26BE1DEED98100A1C1A1 /* STKDataSource.m in Sources */ = {isa = PBXBuildFile; fileRef = 1D7B26B01DEED98100A1C1A1 /* STKDataSource.m */; };
		1D7B26BF1DEED98100A1C1A1 /* STKDataSourceWrapper.m in Sources */ = {isa = PBXBuildFile; fileRef = 1D7B26B21DEED98100A1C1A1 /* STKDataSourceWrapper.m */; };
		1D7B26C01DEED98100A1C1A1 /* STKHTTPDataSource.m in Sources */ = {isa = PBXBuildFile; fileRef = 1D7B26B41DEED98100A1C1A1 /* STKHTTPDataSource.m */; };
		1D7B26C11DEED98100A1C1A1 /* STKLocalFileDataSource.m in Sources */ = {isa = PBXBuildFile; fileRef = 1D7B26B61DEED98100A1C1A1 /* STKLocalFileDataSource.m */; };
		1D7B26C21DEED98100A1C1A1 /* STKQueueEntry.m in Sources */ = {isa = PBXBuildFile; fileRef = 1D7B26B81DEED98100A1C1A1 /* STKQueueEntry.m */; };
		1D7B26C61DEEDEF100A1C1A1 /* SearchViewController.m in Sources */ = {isa = PBXBuildFile; fileRef = 1D7B26C51DEEDEF100A1C1A1 /* SearchViewController.m */; };
		1D7B27491DF0085000A1C1A1 /* SCGestureTransitionBackContext.m in Sources */ = {isa = PBXBuildFile; fileRef = 1D7B27361DF0085000A1C1A1 /* SCGestureTransitionBackContext.m */; };
		1D7B274A1DF0085000A1C1A1 /* SCNormalDismissTransition.m in Sources */ = {isa = PBXBuildFile; fileRef = 1D7B27381DF0085000A1C1A1 /* SCNormalDismissTransition.m */; };
		1D7B274B1DF0085000A1C1A1 /* SCNormalPresentTransition.m in Sources */ = {isa = PBXBuildFile; fileRef = 1D7B273A1DF0085000A1C1A1 /* SCNormalPresentTransition.m */; };
		1D7B274C1DF0085000A1C1A1 /* SCPresentTransition.m in Sources */ = {isa = PBXBuildFile; fileRef = 1D7B273C1DF0085000A1C1A1 /* SCPresentTransition.m */; };
		1D7B274D1DF0085000A1C1A1 /* SCPushTransition.m in Sources */ = {isa = PBXBuildFile; fileRef = 1D7B273E1DF0085000A1C1A1 /* SCPushTransition.m */; };
		1D7B274E1DF0085000A1C1A1 /* SCSwipeBackInteractionController.m in Sources */ = {isa = PBXBuildFile; fileRef = 1D7B27401DF0085000A1C1A1 /* SCSwipeBackInteractionController.m */; };
		1D7B274F1DF0085000A1C1A1 /* SCTransitionDelegateManager.m in Sources */ = {isa = PBXBuildFile; fileRef = 1D7B27421DF0085000A1C1A1 /* SCTransitionDelegateManager.m */; };
		1D7B27501DF0085000A1C1A1 /* SCZoomDismissTransition.m in Sources */ = {isa = PBXBuildFile; fileRef = 1D7B27441DF0085000A1C1A1 /* SCZoomDismissTransition.m */; };
		1D7B27511DF0085000A1C1A1 /* SCZoomPresentTransition.m in Sources */ = {isa = PBXBuildFile; fileRef = 1D7B27461DF0085000A1C1A1 /* SCZoomPresentTransition.m */; };
		1D7B27521DF0085000A1C1A1 /* UIView+Capture.m in Sources */ = {isa = PBXBuildFile; fileRef = 1D7B27481DF0085000A1C1A1 /* UIView+Capture.m */; };
		1D7B27561DF11BD700A1C1A1 /* SearchSongCell.m in Sources */ = {isa = PBXBuildFile; fileRef = 1D7B27551DF11BD700A1C1A1 /* SearchSongCell.m */; };
		1D7B275A1DF15F4A00A1C1A1 /* TingSong.m in Sources */ = {isa = PBXBuildFile; fileRef = 1D7B27591DF15F4A00A1C1A1 /* TingSong.m */; };
		1D7B277F1DF162BE00A1C1A1 /* TingAudition.m in Sources */ = {isa = PBXBuildFile; fileRef = 1D7B277E1DF162BE00A1C1A1 /* TingAudition.m */; };
		1DB223B31DF57A5C00702A3F /* AudioPlayerDelegate.m in Sources */ = {isa = PBXBuildFile; fileRef = 1DB223B21DF57A5C00702A3F /* AudioPlayerDelegate.m */; };
		1DC7E2D61DF51CBB0087D6AF /* MusicQueueSheetView.m in Sources */ = {isa = PBXBuildFile; fileRef = 1DC7E2D51DF51CBB0087D6AF /* MusicQueueSheetView.m */; };
		1DC7E2D91DF542EC0087D6AF /* MusicQueueCell.m in Sources */ = {isa = PBXBuildFile; fileRef = 1DC7E2D81DF542EC0087D6AF /* MusicQueueCell.m */; };
		1DD876C01DF7F69200AA5D43 /* PlayMusicViewController.m in Sources */ = {isa = PBXBuildFile; fileRef = 1DD876BF1DF7F69200AA5D43 /* PlayMusicViewController.m */; };
		1DD876EE1DFA98FE00AA5D43 /* MKAnnotationView+WebCache.m in Sources */ = {isa = PBXBuildFile; fileRef = 1DD876C71DFA98FE00AA5D43 /* MKAnnotationView+WebCache.m */; };
		1DD876EF1DFA98FE00AA5D43 /* NSData+ImageContentType.m in Sources */ = {isa = PBXBuildFile; fileRef = 1DD876C91DFA98FE00AA5D43 /* NSData+ImageContentType.m */; };
		1DD876F01DFA98FE00AA5D43 /* NSImage+WebCache.m in Sources */ = {isa = PBXBuildFile; fileRef = 1DD876CB1DFA98FE00AA5D43 /* NSImage+WebCache.m */; };
		1DD876F11DFA98FE00AA5D43 /* SDImageCache.m in Sources */ = {isa = PBXBuildFile; fileRef = 1DD876CD1DFA98FE00AA5D43 /* SDImageCache.m */; };
		1DD876F21DFA98FE00AA5D43 /* SDImageCacheConfig.m in Sources */ = {isa = PBXBuildFile; fileRef = 1DD876CF1DFA98FE00AA5D43 /* SDImageCacheConfig.m */; };
		1DD876F31DFA98FE00AA5D43 /* SDWebImageCompat.m in Sources */ = {isa = PBXBuildFile; fileRef = 1DD876D11DFA98FE00AA5D43 /* SDWebImageCompat.m */; };
		1DD876F41DFA98FE00AA5D43 /* SDWebImageDecoder.m in Sources */ = {isa = PBXBuildFile; fileRef = 1DD876D31DFA98FE00AA5D43 /* SDWebImageDecoder.m */; };
		1DD876F51DFA98FE00AA5D43 /* SDWebImageDownloader.m in Sources */ = {isa = PBXBuildFile; fileRef = 1DD876D51DFA98FE00AA5D43 /* SDWebImageDownloader.m */; };
		1DD876F61DFA98FE00AA5D43 /* SDWebImageDownloaderOperation.m in Sources */ = {isa = PBXBuildFile; fileRef = 1DD876D71DFA98FE00AA5D43 /* SDWebImageDownloaderOperation.m */; };
		1DD876F71DFA98FE00AA5D43 /* SDWebImageManager.m in Sources */ = {isa = PBXBuildFile; fileRef = 1DD876D91DFA98FE00AA5D43 /* SDWebImageManager.m */; };
		1DD876F81DFA98FE00AA5D43 /* SDWebImagePrefetcher.m in Sources */ = {isa = PBXBuildFile; fileRef = 1DD876DC1DFA98FE00AA5D43 /* SDWebImagePrefetcher.m */; };
		1DD876F91DFA98FE00AA5D43 /* UIButton+WebCache.m in Sources */ = {isa = PBXBuildFile; fileRef = 1DD876DE1DFA98FE00AA5D43 /* UIButton+WebCache.m */; };
		1DD876FA1DFA98FE00AA5D43 /* UIImage+GIF.m in Sources */ = {isa = PBXBuildFile; fileRef = 1DD876E01DFA98FE00AA5D43 /* UIImage+GIF.m */; };
		1DD876FB1DFA98FE00AA5D43 /* UIImage+MultiFormat.m in Sources */ = {isa = PBXBuildFile; fileRef = 1DD876E21DFA98FE00AA5D43 /* UIImage+MultiFormat.m */; };
		1DD876FC1DFA98FE00AA5D43 /* UIImage+WebP.m in Sources */ = {isa = PBXBuildFile; fileRef = 1DD876E41DFA98FE00AA5D43 /* UIImage+WebP.m */; };
		1DD876FD1DFA98FE00AA5D43 /* UIImageView+HighlightedWebCache.m in Sources */ = {isa = PBXBuildFile; fileRef = 1DD876E61DFA98FE00AA5D43 /* UIImageView+HighlightedWebCache.m */; };
		1DD876FE1DFA98FE00AA5D43 /* UIImageView+WebCache.m in Sources */ = {isa = PBXBuildFile; fileRef = 1DD876E81DFA98FE00AA5D43 /* UIImageView+WebCache.m */; };
		1DD876FF1DFA98FE00AA5D43 /* UIView+WebCache.m in Sources */ = {isa = PBXBuildFile; fileRef = 1DD876EA1DFA98FE00AA5D43 /* UIView+WebCache.m */; };
		1DD877001DFA98FE00AA5D43 /* UIView+WebCacheOperation.m in Sources */ = {isa = PBXBuildFile; fileRef = 1DD876EC1DFA98FE00AA5D43 /* UIView+WebCacheOperation.m */; };
		1DD877051DFABAD500AA5D43 /* CoreImage.framework in Frameworks */ = {isa = PBXBuildFile; fileRef = 1DD877041DFABAD500AA5D43 /* CoreImage.framework */; };
		1DD877091DFBB7BB00AA5D43 /* FileUtils.m in Sources */ = {isa = PBXBuildFile; fileRef = 1DD877081DFBB7BB00AA5D43 /* FileUtils.m */; };
		1DD8770D1DFBDD5C00AA5D43 /* AlphaUtil.m in Sources */ = {isa = PBXBuildFile; fileRef = 1DD8770C1DFBDD5C00AA5D43 /* AlphaUtil.m */; };
		1DE3C5341DFE58510061081B /* FMDatabase.m in Sources */ = {isa = PBXBuildFile; fileRef = 1DE3C5291DFE58510061081B /* FMDatabase.m */; };
		1DE3C5351DFE58510061081B /* FMDatabaseAdditions.m in Sources */ = {isa = PBXBuildFile; fileRef = 1DE3C52B1DFE58510061081B /* FMDatabaseAdditions.m */; };
		1DE3C5361DFE58510061081B /* FMDatabasePool.m in Sources */ = {isa = PBXBuildFile; fileRef = 1DE3C52D1DFE58510061081B /* FMDatabasePool.m */; };
		1DE3C5371DFE58510061081B /* FMDatabaseQueue.m in Sources */ = {isa = PBXBuildFile; fileRef = 1DE3C52F1DFE58510061081B /* FMDatabaseQueue.m */; };
		1DE3C5381DFE58510061081B /* FMResultSet.m in Sources */ = {isa = PBXBuildFile; fileRef = 1DE3C5321DFE58510061081B /* FMResultSet.m */; };
		1DE3C5391DFE58510061081B /* Info.plist in Resources */ = {isa = PBXBuildFile; fileRef = 1DE3C5331DFE58510061081B /* Info.plist */; };
		1DE3C53B1DFE58E60061081B /* libsqlite3.0.tbd in Frameworks */ = {isa = PBXBuildFile; fileRef = 1DE3C53A1DFE58E60061081B /* libsqlite3.0.tbd */; };
		1DE3C53F1DFE88180061081B /* DBHelper.m in Sources */ = {isa = PBXBuildFile; fileRef = 1DE3C53E1DFE88180061081B /* DBHelper.m */; };
		1DE3C5431DFF93A00061081B /* SongDownloadViewController.m in Sources */ = {isa = PBXBuildFile; fileRef = 1DE3C5421DFF93A00061081B /* SongDownloadViewController.m */; };
/* End PBXBuildFile section */

/* Begin PBXFileReference section */
		177CB9991DF4049B00E197C9 /* MyMusicQueueId.h */ = {isa = PBXFileReference; fileEncoding = 4; lastKnownFileType = sourcecode.c.h; path = MyMusicQueueId.h; sourceTree = "<group>"; };
		177CB99A1DF4049B00E197C9 /* MyMusicQueueId.m */ = {isa = PBXFileReference; fileEncoding = 4; lastKnownFileType = sourcecode.c.objc; path = MyMusicQueueId.m; sourceTree = "<group>"; };
		177CB99E1DF4331B00E197C9 /* TingSongUtil.h */ = {isa = PBXFileReference; fileEncoding = 4; lastKnownFileType = sourcecode.c.h; path = TingSongUtil.h; sourceTree = "<group>"; };
		177CB99F1DF4331B00E197C9 /* TingSongUtil.m */ = {isa = PBXFileReference; fileEncoding = 4; lastKnownFileType = sourcecode.c.objc; path = TingSongUtil.m; sourceTree = "<group>"; };
		1D7B265A1DED1D6F00A1C1A1 /* vmusic.app */ = {isa = PBXFileReference; explicitFileType = wrapper.application; includeInIndex = 0; path = vmusic.app; sourceTree = BUILT_PRODUCTS_DIR; };
		1D7B265E1DED1D6F00A1C1A1 /* main.m */ = {isa = PBXFileReference; lastKnownFileType = sourcecode.c.objc; path = main.m; sourceTree = "<group>"; };
		1D7B26601DED1D6F00A1C1A1 /* AppDelegate.h */ = {isa = PBXFileReference; lastKnownFileType = sourcecode.c.h; path = AppDelegate.h; sourceTree = "<group>"; };
		1D7B26611DED1D6F00A1C1A1 /* AppDelegate.m */ = {isa = PBXFileReference; lastKnownFileType = sourcecode.c.objc; path = AppDelegate.m; sourceTree = "<group>"; };
		1D7B26691DED1D6F00A1C1A1 /* Assets.xcassets */ = {isa = PBXFileReference; lastKnownFileType = folder.assetcatalog; path = Assets.xcassets; sourceTree = "<group>"; };
		1D7B266E1DED1D6F00A1C1A1 /* Info.plist */ = {isa = PBXFileReference; lastKnownFileType = text.plist.xml; path = Info.plist; sourceTree = "<group>"; };
		1D7B26751DED1F4C00A1C1A1 /* MainViewController.h */ = {isa = PBXFileReference; fileEncoding = 4; lastKnownFileType = sourcecode.c.h; path = MainViewController.h; sourceTree = "<group>"; };
		1D7B26761DED1F4C00A1C1A1 /* MainViewController.m */ = {isa = PBXFileReference; fileEncoding = 4; lastKnownFileType = sourcecode.c.objc; path = MainViewController.m; sourceTree = "<group>"; };
		1D7B267A1DED3D8D00A1C1A1 /* UIColor+ColorChange.h */ = {isa = PBXFileReference; fileEncoding = 4; lastKnownFileType = sourcecode.c.h; path = "UIColor+ColorChange.h"; sourceTree = "<group>"; };
		1D7B267B1DED3D8D00A1C1A1 /* UIColor+ColorChange.m */ = {isa = PBXFileReference; fileEncoding = 4; lastKnownFileType = sourcecode.c.objc; path = "UIColor+ColorChange.m"; sourceTree = "<group>"; };
		1D7B26841DEE999900A1C1A1 /* AlphaColorHelper.h */ = {isa = PBXFileReference; fileEncoding = 4; lastKnownFileType = sourcecode.c.h; path = AlphaColorHelper.h; sourceTree = "<group>"; };
		1D7B26851DEE999900A1C1A1 /* AlphaColorHelper.m */ = {isa = PBXFileReference; fileEncoding = 4; lastKnownFileType = sourcecode.c.objc; path = AlphaColorHelper.m; sourceTree = "<group>"; };
		1D7B26A51DEEBBCE00A1C1A1 /* AVFoundation.framework */ = {isa = PBXFileReference; lastKnownFileType = wrapper.framework; name = AVFoundation.framework; path = System/Library/Frameworks/AVFoundation.framework; sourceTree = SDKROOT; };
		1D7B26A71DEED98100A1C1A1 /* NSMutableArray+STKAudioPlayer.h */ = {isa = PBXFileReference; fileEncoding = 4; lastKnownFileType = sourcecode.c.h; path = "NSMutableArray+STKAudioPlayer.h"; sourceTree = "<group>"; };
		1D7B26A81DEED98100A1C1A1 /* NSMutableArray+STKAudioPlayer.m */ = {isa = PBXFileReference; fileEncoding = 4; lastKnownFileType = sourcecode.c.objc; path = "NSMutableArray+STKAudioPlayer.m"; sourceTree = "<group>"; };
		1D7B26A91DEED98100A1C1A1 /* STKAudioPlayer.h */ = {isa = PBXFileReference; fileEncoding = 4; lastKnownFileType = sourcecode.c.h; path = STKAudioPlayer.h; sourceTree = "<group>"; };
		1D7B26AA1DEED98100A1C1A1 /* STKAudioPlayer.m */ = {isa = PBXFileReference; fileEncoding = 4; lastKnownFileType = sourcecode.c.objc; path = STKAudioPlayer.m; sourceTree = "<group>"; };
		1D7B26AB1DEED98100A1C1A1 /* STKAutoRecoveringHTTPDataSource.h */ = {isa = PBXFileReference; fileEncoding = 4; lastKnownFileType = sourcecode.c.h; path = STKAutoRecoveringHTTPDataSource.h; sourceTree = "<group>"; };
		1D7B26AC1DEED98100A1C1A1 /* STKAutoRecoveringHTTPDataSource.m */ = {isa = PBXFileReference; fileEncoding = 4; lastKnownFileType = sourcecode.c.objc; path = STKAutoRecoveringHTTPDataSource.m; sourceTree = "<group>"; };
		1D7B26AD1DEED98100A1C1A1 /* STKCoreFoundationDataSource.h */ = {isa = PBXFileReference; fileEncoding = 4; lastKnownFileType = sourcecode.c.h; path = STKCoreFoundationDataSource.h; sourceTree = "<group>"; };
		1D7B26AE1DEED98100A1C1A1 /* STKCoreFoundationDataSource.m */ = {isa = PBXFileReference; fileEncoding = 4; lastKnownFileType = sourcecode.c.objc; path = STKCoreFoundationDataSource.m; sourceTree = "<group>"; };
		1D7B26AF1DEED98100A1C1A1 /* STKDataSource.h */ = {isa = PBXFileReference; fileEncoding = 4; lastKnownFileType = sourcecode.c.h; path = STKDataSource.h; sourceTree = "<group>"; };
		1D7B26B01DEED98100A1C1A1 /* STKDataSource.m */ = {isa = PBXFileReference; fileEncoding = 4; lastKnownFileType = sourcecode.c.objc; path = STKDataSource.m; sourceTree = "<group>"; };
		1D7B26B11DEED98100A1C1A1 /* STKDataSourceWrapper.h */ = {isa = PBXFileReference; fileEncoding = 4; lastKnownFileType = sourcecode.c.h; path = STKDataSourceWrapper.h; sourceTree = "<group>"; };
		1D7B26B21DEED98100A1C1A1 /* STKDataSourceWrapper.m */ = {isa = PBXFileReference; fileEncoding = 4; lastKnownFileType = sourcecode.c.objc; path = STKDataSourceWrapper.m; sourceTree = "<group>"; };
		1D7B26B31DEED98100A1C1A1 /* STKHTTPDataSource.h */ = {isa = PBXFileReference; fileEncoding = 4; lastKnownFileType = sourcecode.c.h; path = STKHTTPDataSource.h; sourceTree = "<group>"; };
		1D7B26B41DEED98100A1C1A1 /* STKHTTPDataSource.m */ = {isa = PBXFileReference; fileEncoding = 4; lastKnownFileType = sourcecode.c.objc; path = STKHTTPDataSource.m; sourceTree = "<group>"; };
		1D7B26B51DEED98100A1C1A1 /* STKLocalFileDataSource.h */ = {isa = PBXFileReference; fileEncoding = 4; lastKnownFileType = sourcecode.c.h; path = STKLocalFileDataSource.h; sourceTree = "<group>"; };
		1D7B26B61DEED98100A1C1A1 /* STKLocalFileDataSource.m */ = {isa = PBXFileReference; fileEncoding = 4; lastKnownFileType = sourcecode.c.objc; path = STKLocalFileDataSource.m; sourceTree = "<group>"; };
		1D7B26B71DEED98100A1C1A1 /* STKQueueEntry.h */ = {isa = PBXFileReference; fileEncoding = 4; lastKnownFileType = sourcecode.c.h; path = STKQueueEntry.h; sourceTree = "<group>"; };
		1D7B26B81DEED98100A1C1A1 /* STKQueueEntry.m */ = {isa = PBXFileReference; fileEncoding = 4; lastKnownFileType = sourcecode.c.objc; path = STKQueueEntry.m; sourceTree = "<group>"; };
		1D7B26B91DEED98100A1C1A1 /* StreamingKit-Prefix.pch */ = {isa = PBXFileReference; fileEncoding = 4; lastKnownFileType = sourcecode.c.h; path = "StreamingKit-Prefix.pch"; sourceTree = "<group>"; };
		1D7B26C41DEEDEF100A1C1A1 /* SearchViewController.h */ = {isa = PBXFileReference; fileEncoding = 4; lastKnownFileType = sourcecode.c.h; path = SearchViewController.h; sourceTree = "<group>"; };
		1D7B26C51DEEDEF100A1C1A1 /* SearchViewController.m */ = {isa = PBXFileReference; fileEncoding = 4; lastKnownFileType = sourcecode.c.objc; path = SearchViewController.m; sourceTree = "<group>"; };
		1D7B27351DF0085000A1C1A1 /* SCGestureTransitionBackContext.h */ = {isa = PBXFileReference; fileEncoding = 4; lastKnownFileType = sourcecode.c.h; path = SCGestureTransitionBackContext.h; sourceTree = "<group>"; };
		1D7B27361DF0085000A1C1A1 /* SCGestureTransitionBackContext.m */ = {isa = PBXFileReference; fileEncoding = 4; lastKnownFileType = sourcecode.c.objc; path = SCGestureTransitionBackContext.m; sourceTree = "<group>"; };
		1D7B27371DF0085000A1C1A1 /* SCNormalDismissTransition.h */ = {isa = PBXFileReference; fileEncoding = 4; lastKnownFileType = sourcecode.c.h; path = SCNormalDismissTransition.h; sourceTree = "<group>"; };
		1D7B27381DF0085000A1C1A1 /* SCNormalDismissTransition.m */ = {isa = PBXFileReference; fileEncoding = 4; lastKnownFileType = sourcecode.c.objc; path = SCNormalDismissTransition.m; sourceTree = "<group>"; };
		1D7B27391DF0085000A1C1A1 /* SCNormalPresentTransition.h */ = {isa = PBXFileReference; fileEncoding = 4; lastKnownFileType = sourcecode.c.h; path = SCNormalPresentTransition.h; sourceTree = "<group>"; };
		1D7B273A1DF0085000A1C1A1 /* SCNormalPresentTransition.m */ = {isa = PBXFileReference; fileEncoding = 4; lastKnownFileType = sourcecode.c.objc; path = SCNormalPresentTransition.m; sourceTree = "<group>"; };
		1D7B273B1DF0085000A1C1A1 /* SCPresentTransition.h */ = {isa = PBXFileReference; fileEncoding = 4; lastKnownFileType = sourcecode.c.h; path = SCPresentTransition.h; sourceTree = "<group>"; };
		1D7B273C1DF0085000A1C1A1 /* SCPresentTransition.m */ = {isa = PBXFileReference; fileEncoding = 4; lastKnownFileType = sourcecode.c.objc; path = SCPresentTransition.m; sourceTree = "<group>"; };
		1D7B273D1DF0085000A1C1A1 /* SCPushTransition.h */ = {isa = PBXFileReference; fileEncoding = 4; lastKnownFileType = sourcecode.c.h; path = SCPushTransition.h; sourceTree = "<group>"; };
		1D7B273E1DF0085000A1C1A1 /* SCPushTransition.m */ = {isa = PBXFileReference; fileEncoding = 4; lastKnownFileType = sourcecode.c.objc; path = SCPushTransition.m; sourceTree = "<group>"; };
		1D7B273F1DF0085000A1C1A1 /* SCSwipeBackInteractionController.h */ = {isa = PBXFileReference; fileEncoding = 4; lastKnownFileType = sourcecode.c.h; path = SCSwipeBackInteractionController.h; sourceTree = "<group>"; };
		1D7B27401DF0085000A1C1A1 /* SCSwipeBackInteractionController.m */ = {isa = PBXFileReference; fileEncoding = 4; lastKnownFileType = sourcecode.c.objc; path = SCSwipeBackInteractionController.m; sourceTree = "<group>"; };
		1D7B27411DF0085000A1C1A1 /* SCTransitionDelegateManager.h */ = {isa = PBXFileReference; fileEncoding = 4; lastKnownFileType = sourcecode.c.h; path = SCTransitionDelegateManager.h; sourceTree = "<group>"; };
		1D7B27421DF0085000A1C1A1 /* SCTransitionDelegateManager.m */ = {isa = PBXFileReference; fileEncoding = 4; lastKnownFileType = sourcecode.c.objc; path = SCTransitionDelegateManager.m; sourceTree = "<group>"; };
		1D7B27431DF0085000A1C1A1 /* SCZoomDismissTransition.h */ = {isa = PBXFileReference; fileEncoding = 4; lastKnownFileType = sourcecode.c.h; path = SCZoomDismissTransition.h; sourceTree = "<group>"; };
		1D7B27441DF0085000A1C1A1 /* SCZoomDismissTransition.m */ = {isa = PBXFileReference; fileEncoding = 4; lastKnownFileType = sourcecode.c.objc; path = SCZoomDismissTransition.m; sourceTree = "<group>"; };
		1D7B27451DF0085000A1C1A1 /* SCZoomPresentTransition.h */ = {isa = PBXFileReference; fileEncoding = 4; lastKnownFileType = sourcecode.c.h; path = SCZoomPresentTransition.h; sourceTree = "<group>"; };
		1D7B27461DF0085000A1C1A1 /* SCZoomPresentTransition.m */ = {isa = PBXFileReference; fileEncoding = 4; lastKnownFileType = sourcecode.c.objc; path = SCZoomPresentTransition.m; sourceTree = "<group>"; };
		1D7B27471DF0085000A1C1A1 /* UIView+Capture.h */ = {isa = PBXFileReference; fileEncoding = 4; lastKnownFileType = sourcecode.c.h; path = "UIView+Capture.h"; sourceTree = "<group>"; };
		1D7B27481DF0085000A1C1A1 /* UIView+Capture.m */ = {isa = PBXFileReference; fileEncoding = 4; lastKnownFileType = sourcecode.c.objc; path = "UIView+Capture.m"; sourceTree = "<group>"; };
		1D7B27541DF11BD700A1C1A1 /* SearchSongCell.h */ = {isa = PBXFileReference; fileEncoding = 4; lastKnownFileType = sourcecode.c.h; path = SearchSongCell.h; sourceTree = "<group>"; };
		1D7B27551DF11BD700A1C1A1 /* SearchSongCell.m */ = {isa = PBXFileReference; fileEncoding = 4; lastKnownFileType = sourcecode.c.objc; path = SearchSongCell.m; sourceTree = "<group>"; };
		1D7B27581DF15F4A00A1C1A1 /* TingSong.h */ = {isa = PBXFileReference; fileEncoding = 4; lastKnownFileType = sourcecode.c.h; path = TingSong.h; sourceTree = "<group>"; };
		1D7B27591DF15F4A00A1C1A1 /* TingSong.m */ = {isa = PBXFileReference; fileEncoding = 4; lastKnownFileType = sourcecode.c.objc; path = TingSong.m; sourceTree = "<group>"; };
		1D7B277D1DF162BE00A1C1A1 /* TingAudition.h */ = {isa = PBXFileReference; fileEncoding = 4; lastKnownFileType = sourcecode.c.h; path = TingAudition.h; sourceTree = "<group>"; };
		1D7B277E1DF162BE00A1C1A1 /* TingAudition.m */ = {isa = PBXFileReference; fileEncoding = 4; lastKnownFileType = sourcecode.c.objc; path = TingAudition.m; sourceTree = "<group>"; };
		1DB223B11DF57A5C00702A3F /* AudioPlayerDelegate.h */ = {isa = PBXFileReference; fileEncoding = 4; lastKnownFileType = sourcecode.c.h; path = AudioPlayerDelegate.h; sourceTree = "<group>"; };
		1DB223B21DF57A5C00702A3F /* AudioPlayerDelegate.m */ = {isa = PBXFileReference; fileEncoding = 4; lastKnownFileType = sourcecode.c.objc; path = AudioPlayerDelegate.m; sourceTree = "<group>"; };
		1DC7E2D41DF51CBB0087D6AF /* MusicQueueSheetView.h */ = {isa = PBXFileReference; fileEncoding = 4; lastKnownFileType = sourcecode.c.h; path = MusicQueueSheetView.h; sourceTree = "<group>"; };
		1DC7E2D51DF51CBB0087D6AF /* MusicQueueSheetView.m */ = {isa = PBXFileReference; fileEncoding = 4; lastKnownFileType = sourcecode.c.objc; path = MusicQueueSheetView.m; sourceTree = "<group>"; };
		1DC7E2D71DF542EC0087D6AF /* MusicQueueCell.h */ = {isa = PBXFileReference; fileEncoding = 4; lastKnownFileType = sourcecode.c.h; path = MusicQueueCell.h; sourceTree = "<group>"; };
		1DC7E2D81DF542EC0087D6AF /* MusicQueueCell.m */ = {isa = PBXFileReference; fileEncoding = 4; lastKnownFileType = sourcecode.c.objc; path = MusicQueueCell.m; sourceTree = "<group>"; };
		1DD876BE1DF7F69200AA5D43 /* PlayMusicViewController.h */ = {isa = PBXFileReference; fileEncoding = 4; lastKnownFileType = sourcecode.c.h; path = PlayMusicViewController.h; sourceTree = "<group>"; };
		1DD876BF1DF7F69200AA5D43 /* PlayMusicViewController.m */ = {isa = PBXFileReference; fileEncoding = 4; lastKnownFileType = sourcecode.c.objc; path = PlayMusicViewController.m; sourceTree = "<group>"; };
		1DD876C61DFA98FE00AA5D43 /* MKAnnotationView+WebCache.h */ = {isa = PBXFileReference; fileEncoding = 4; lastKnownFileType = sourcecode.c.h; path = "MKAnnotationView+WebCache.h"; sourceTree = "<group>"; };
		1DD876C71DFA98FE00AA5D43 /* MKAnnotationView+WebCache.m */ = {isa = PBXFileReference; fileEncoding = 4; lastKnownFileType = sourcecode.c.objc; path = "MKAnnotationView+WebCache.m"; sourceTree = "<group>"; };
		1DD876C81DFA98FE00AA5D43 /* NSData+ImageContentType.h */ = {isa = PBXFileReference; fileEncoding = 4; lastKnownFileType = sourcecode.c.h; path = "NSData+ImageContentType.h"; sourceTree = "<group>"; };
		1DD876C91DFA98FE00AA5D43 /* NSData+ImageContentType.m */ = {isa = PBXFileReference; fileEncoding = 4; lastKnownFileType = sourcecode.c.objc; path = "NSData+ImageContentType.m"; sourceTree = "<group>"; };
		1DD876CA1DFA98FE00AA5D43 /* NSImage+WebCache.h */ = {isa = PBXFileReference; fileEncoding = 4; lastKnownFileType = sourcecode.c.h; path = "NSImage+WebCache.h"; sourceTree = "<group>"; };
		1DD876CB1DFA98FE00AA5D43 /* NSImage+WebCache.m */ = {isa = PBXFileReference; fileEncoding = 4; lastKnownFileType = sourcecode.c.objc; path = "NSImage+WebCache.m"; sourceTree = "<group>"; };
		1DD876CC1DFA98FE00AA5D43 /* SDImageCache.h */ = {isa = PBXFileReference; fileEncoding = 4; lastKnownFileType = sourcecode.c.h; path = SDImageCache.h; sourceTree = "<group>"; };
		1DD876CD1DFA98FE00AA5D43 /* SDImageCache.m */ = {isa = PBXFileReference; fileEncoding = 4; lastKnownFileType = sourcecode.c.objc; path = SDImageCache.m; sourceTree = "<group>"; };
		1DD876CE1DFA98FE00AA5D43 /* SDImageCacheConfig.h */ = {isa = PBXFileReference; fileEncoding = 4; lastKnownFileType = sourcecode.c.h; path = SDImageCacheConfig.h; sourceTree = "<group>"; };
		1DD876CF1DFA98FE00AA5D43 /* SDImageCacheConfig.m */ = {isa = PBXFileReference; fileEncoding = 4; lastKnownFileType = sourcecode.c.objc; path = SDImageCacheConfig.m; sourceTree = "<group>"; };
		1DD876D01DFA98FE00AA5D43 /* SDWebImageCompat.h */ = {isa = PBXFileReference; fileEncoding = 4; lastKnownFileType = sourcecode.c.h; path = SDWebImageCompat.h; sourceTree = "<group>"; };
		1DD876D11DFA98FE00AA5D43 /* SDWebImageCompat.m */ = {isa = PBXFileReference; fileEncoding = 4; lastKnownFileType = sourcecode.c.objc; path = SDWebImageCompat.m; sourceTree = "<group>"; };
		1DD876D21DFA98FE00AA5D43 /* SDWebImageDecoder.h */ = {isa = PBXFileReference; fileEncoding = 4; lastKnownFileType = sourcecode.c.h; path = SDWebImageDecoder.h; sourceTree = "<group>"; };
		1DD876D31DFA98FE00AA5D43 /* SDWebImageDecoder.m */ = {isa = PBXFileReference; fileEncoding = 4; lastKnownFileType = sourcecode.c.objc; path = SDWebImageDecoder.m; sourceTree = "<group>"; };
		1DD876D41DFA98FE00AA5D43 /* SDWebImageDownloader.h */ = {isa = PBXFileReference; fileEncoding = 4; lastKnownFileType = sourcecode.c.h; path = SDWebImageDownloader.h; sourceTree = "<group>"; };
		1DD876D51DFA98FE00AA5D43 /* SDWebImageDownloader.m */ = {isa = PBXFileReference; fileEncoding = 4; lastKnownFileType = sourcecode.c.objc; path = SDWebImageDownloader.m; sourceTree = "<group>"; };
		1DD876D61DFA98FE00AA5D43 /* SDWebImageDownloaderOperation.h */ = {isa = PBXFileReference; fileEncoding = 4; lastKnownFileType = sourcecode.c.h; path = SDWebImageDownloaderOperation.h; sourceTree = "<group>"; };
		1DD876D71DFA98FE00AA5D43 /* SDWebImageDownloaderOperation.m */ = {isa = PBXFileReference; fileEncoding = 4; lastKnownFileType = sourcecode.c.objc; path = SDWebImageDownloaderOperation.m; sourceTree = "<group>"; };
		1DD876D81DFA98FE00AA5D43 /* SDWebImageManager.h */ = {isa = PBXFileReference; fileEncoding = 4; lastKnownFileType = sourcecode.c.h; path = SDWebImageManager.h; sourceTree = "<group>"; };
		1DD876D91DFA98FE00AA5D43 /* SDWebImageManager.m */ = {isa = PBXFileReference; fileEncoding = 4; lastKnownFileType = sourcecode.c.objc; path = SDWebImageManager.m; sourceTree = "<group>"; };
		1DD876DA1DFA98FE00AA5D43 /* SDWebImageOperation.h */ = {isa = PBXFileReference; fileEncoding = 4; lastKnownFileType = sourcecode.c.h; path = SDWebImageOperation.h; sourceTree = "<group>"; };
		1DD876DB1DFA98FE00AA5D43 /* SDWebImagePrefetcher.h */ = {isa = PBXFileReference; fileEncoding = 4; lastKnownFileType = sourcecode.c.h; path = SDWebImagePrefetcher.h; sourceTree = "<group>"; };
		1DD876DC1DFA98FE00AA5D43 /* SDWebImagePrefetcher.m */ = {isa = PBXFileReference; fileEncoding = 4; lastKnownFileType = sourcecode.c.objc; path = SDWebImagePrefetcher.m; sourceTree = "<group>"; };
		1DD876DD1DFA98FE00AA5D43 /* UIButton+WebCache.h */ = {isa = PBXFileReference; fileEncoding = 4; lastKnownFileType = sourcecode.c.h; path = "UIButton+WebCache.h"; sourceTree = "<group>"; };
		1DD876DE1DFA98FE00AA5D43 /* UIButton+WebCache.m */ = {isa = PBXFileReference; fileEncoding = 4; lastKnownFileType = sourcecode.c.objc; path = "UIButton+WebCache.m"; sourceTree = "<group>"; };
		1DD876DF1DFA98FE00AA5D43 /* UIImage+GIF.h */ = {isa = PBXFileReference; fileEncoding = 4; lastKnownFileType = sourcecode.c.h; path = "UIImage+GIF.h"; sourceTree = "<group>"; };
		1DD876E01DFA98FE00AA5D43 /* UIImage+GIF.m */ = {isa = PBXFileReference; fileEncoding = 4; lastKnownFileType = sourcecode.c.objc; path = "UIImage+GIF.m"; sourceTree = "<group>"; };
		1DD876E11DFA98FE00AA5D43 /* UIImage+MultiFormat.h */ = {isa = PBXFileReference; fileEncoding = 4; lastKnownFileType = sourcecode.c.h; path = "UIImage+MultiFormat.h"; sourceTree = "<group>"; };
		1DD876E21DFA98FE00AA5D43 /* UIImage+MultiFormat.m */ = {isa = PBXFileReference; fileEncoding = 4; lastKnownFileType = sourcecode.c.objc; path = "UIImage+MultiFormat.m"; sourceTree = "<group>"; };
		1DD876E31DFA98FE00AA5D43 /* UIImage+WebP.h */ = {isa = PBXFileReference; fileEncoding = 4; lastKnownFileType = sourcecode.c.h; path = "UIImage+WebP.h"; sourceTree = "<group>"; };
		1DD876E41DFA98FE00AA5D43 /* UIImage+WebP.m */ = {isa = PBXFileReference; fileEncoding = 4; lastKnownFileType = sourcecode.c.objc; path = "UIImage+WebP.m"; sourceTree = "<group>"; };
		1DD876E51DFA98FE00AA5D43 /* UIImageView+HighlightedWebCache.h */ = {isa = PBXFileReference; fileEncoding = 4; lastKnownFileType = sourcecode.c.h; path = "UIImageView+HighlightedWebCache.h"; sourceTree = "<group>"; };
		1DD876E61DFA98FE00AA5D43 /* UIImageView+HighlightedWebCache.m */ = {isa = PBXFileReference; fileEncoding = 4; lastKnownFileType = sourcecode.c.objc; path = "UIImageView+HighlightedWebCache.m"; sourceTree = "<group>"; };
		1DD876E71DFA98FE00AA5D43 /* UIImageView+WebCache.h */ = {isa = PBXFileReference; fileEncoding = 4; lastKnownFileType = sourcecode.c.h; path = "UIImageView+WebCache.h"; sourceTree = "<group>"; };
		1DD876E81DFA98FE00AA5D43 /* UIImageView+WebCache.m */ = {isa = PBXFileReference; fileEncoding = 4; lastKnownFileType = sourcecode.c.objc; path = "UIImageView+WebCache.m"; sourceTree = "<group>"; };
		1DD876E91DFA98FE00AA5D43 /* UIView+WebCache.h */ = {isa = PBXFileReference; fileEncoding = 4; lastKnownFileType = sourcecode.c.h; path = "UIView+WebCache.h"; sourceTree = "<group>"; };
		1DD876EA1DFA98FE00AA5D43 /* UIView+WebCache.m */ = {isa = PBXFileReference; fileEncoding = 4; lastKnownFileType = sourcecode.c.objc; path = "UIView+WebCache.m"; sourceTree = "<group>"; };
		1DD876EB1DFA98FE00AA5D43 /* UIView+WebCacheOperation.h */ = {isa = PBXFileReference; fileEncoding = 4; lastKnownFileType = sourcecode.c.h; path = "UIView+WebCacheOperation.h"; sourceTree = "<group>"; };
		1DD876EC1DFA98FE00AA5D43 /* UIView+WebCacheOperation.m */ = {isa = PBXFileReference; fileEncoding = 4; lastKnownFileType = sourcecode.c.objc; path = "UIView+WebCacheOperation.m"; sourceTree = "<group>"; };
		1DD877041DFABAD500AA5D43 /* CoreImage.framework */ = {isa = PBXFileReference; lastKnownFileType = wrapper.framework; name = CoreImage.framework; path = System/Library/Frameworks/CoreImage.framework; sourceTree = SDKROOT; };
		1DD877071DFBB7BB00AA5D43 /* FileUtils.h */ = {isa = PBXFileReference; fileEncoding = 4; lastKnownFileType = sourcecode.c.h; path = FileUtils.h; sourceTree = "<group>"; };
		1DD877081DFBB7BB00AA5D43 /* FileUtils.m */ = {isa = PBXFileReference; fileEncoding = 4; lastKnownFileType = sourcecode.c.objc; path = FileUtils.m; sourceTree = "<group>"; };
		1DD8770B1DFBDD5C00AA5D43 /* AlphaUtil.h */ = {isa = PBXFileReference; fileEncoding = 4; lastKnownFileType = sourcecode.c.h; path = AlphaUtil.h; sourceTree = "<group>"; };
		1DD8770C1DFBDD5C00AA5D43 /* AlphaUtil.m */ = {isa = PBXFileReference; fileEncoding = 4; lastKnownFileType = sourcecode.c.objc; path = AlphaUtil.m; sourceTree = "<group>"; };
		1DE3C5281DFE58510061081B /* FMDatabase.h */ = {isa = PBXFileReference; fileEncoding = 4; lastKnownFileType = sourcecode.c.h; path = FMDatabase.h; sourceTree = "<group>"; };
		1DE3C5291DFE58510061081B /* FMDatabase.m */ = {isa = PBXFileReference; fileEncoding = 4; lastKnownFileType = sourcecode.c.objc; path = FMDatabase.m; sourceTree = "<group>"; };
		1DE3C52A1DFE58510061081B /* FMDatabaseAdditions.h */ = {isa = PBXFileReference; fileEncoding = 4; lastKnownFileType = sourcecode.c.h; path = FMDatabaseAdditions.h; sourceTree = "<group>"; };
		1DE3C52B1DFE58510061081B /* FMDatabaseAdditions.m */ = {isa = PBXFileReference; fileEncoding = 4; lastKnownFileType = sourcecode.c.objc; path = FMDatabaseAdditions.m; sourceTree = "<group>"; };
		1DE3C52C1DFE58510061081B /* FMDatabasePool.h */ = {isa = PBXFileReference; fileEncoding = 4; lastKnownFileType = sourcecode.c.h; path = FMDatabasePool.h; sourceTree = "<group>"; };
		1DE3C52D1DFE58510061081B /* FMDatabasePool.m */ = {isa = PBXFileReference; fileEncoding = 4; lastKnownFileType = sourcecode.c.objc; path = FMDatabasePool.m; sourceTree = "<group>"; };
		1DE3C52E1DFE58510061081B /* FMDatabaseQueue.h */ = {isa = PBXFileReference; fileEncoding = 4; lastKnownFileType = sourcecode.c.h; path = FMDatabaseQueue.h; sourceTree = "<group>"; };
		1DE3C52F1DFE58510061081B /* FMDatabaseQueue.m */ = {isa = PBXFileReference; fileEncoding = 4; lastKnownFileType = sourcecode.c.objc; path = FMDatabaseQueue.m; sourceTree = "<group>"; };
		1DE3C5301DFE58510061081B /* FMDB.h */ = {isa = PBXFileReference; fileEncoding = 4; lastKnownFileType = sourcecode.c.h; path = FMDB.h; sourceTree = "<group>"; };
		1DE3C5311DFE58510061081B /* FMResultSet.h */ = {isa = PBXFileReference; fileEncoding = 4; lastKnownFileType = sourcecode.c.h; path = FMResultSet.h; sourceTree = "<group>"; };
		1DE3C5321DFE58510061081B /* FMResultSet.m */ = {isa = PBXFileReference; fileEncoding = 4; lastKnownFileType = sourcecode.c.objc; path = FMResultSet.m; sourceTree = "<group>"; };
		1DE3C5331DFE58510061081B /* Info.plist */ = {isa = PBXFileReference; fileEncoding = 4; lastKnownFileType = text.plist.xml; path = Info.plist; sourceTree = "<group>"; };
		1DE3C53A1DFE58E60061081B /* libsqlite3.0.tbd */ = {isa = PBXFileReference; lastKnownFileType = "sourcecode.text-based-dylib-definition"; name = libsqlite3.0.tbd; path = usr/lib/libsqlite3.0.tbd; sourceTree = SDKROOT; };
		1DE3C53D1DFE88180061081B /* DBHelper.h */ = {isa = PBXFileReference; fileEncoding = 4; lastKnownFileType = sourcecode.c.h; path = DBHelper.h; sourceTree = "<group>"; };
		1DE3C53E1DFE88180061081B /* DBHelper.m */ = {isa = PBXFileReference; fileEncoding = 4; lastKnownFileType = sourcecode.c.objc; path = DBHelper.m; sourceTree = "<group>"; };
		1DE3C5411DFF93A00061081B /* SongDownloadViewController.h */ = {isa = PBXFileReference; fileEncoding = 4; lastKnownFileType = sourcecode.c.h; path = SongDownloadViewController.h; sourceTree = "<group>"; };
		1DE3C5421DFF93A00061081B /* SongDownloadViewController.m */ = {isa = PBXFileReference; fileEncoding = 4; lastKnownFileType = sourcecode.c.objc; path = SongDownloadViewController.m; sourceTree = "<group>"; };
/* End PBXFileReference section */

/* Begin PBXFrameworksBuildPhase section */
		1D7B26571DED1D6F00A1C1A1 /* Frameworks */ = {
			isa = PBXFrameworksBuildPhase;
			buildActionMask = 2147483647;
			files = (
				1DE3C53B1DFE58E60061081B /* libsqlite3.0.tbd in Frameworks */,
				1DD877051DFABAD500AA5D43 /* CoreImage.framework in Frameworks */,
				1D7B26A61DEEBBCE00A1C1A1 /* AVFoundation.framework in Frameworks */,
			);
			runOnlyForDeploymentPostprocessing = 0;
		};
/* End PBXFrameworksBuildPhase section */

/* Begin PBXGroup section */
		177CB9981DF4048E00E197C9 /* quque */ = {
			isa = PBXGroup;
			children = (
				177CB9991DF4049B00E197C9 /* MyMusicQueueId.h */,
				177CB99A1DF4049B00E197C9 /* MyMusicQueueId.m */,
			);
			name = quque;
			sourceTree = "<group>";
		};
		177CB99C1DF4186C00E197C9 /* http */ = {
			isa = PBXGroup;
			children = (
			);
			name = http;
			sourceTree = "<group>";
		};
		177CB99D1DF432FF00E197C9 /* tingsongutil */ = {
			isa = PBXGroup;
			children = (
				177CB99E1DF4331B00E197C9 /* TingSongUtil.h */,
				177CB99F1DF4331B00E197C9 /* TingSongUtil.m */,
			);
			name = tingsongutil;
			sourceTree = "<group>";
		};
		1D7B26511DED1D6F00A1C1A1 = {
			isa = PBXGroup;
			children = (
				1D7B265C1DED1D6F00A1C1A1 /* vmusic */,
				1D7B265B1DED1D6F00A1C1A1 /* Products */,
				1D7B26A41DEEBBCE00A1C1A1 /* Frameworks */,
			);
			sourceTree = "<group>";
		};
		1D7B265B1DED1D6F00A1C1A1 /* Products */ = {
			isa = PBXGroup;
			children = (
				1D7B265A1DED1D6F00A1C1A1 /* vmusic.app */,
			);
			name = Products;
			sourceTree = "<group>";
		};
		1D7B265C1DED1D6F00A1C1A1 /* vmusic */ = {
			isa = PBXGroup;
			children = (
				1DE3C5401DFF937C0061081B /* songdownload */,
				1DE3C5271DFE58510061081B /* fmdb */,
				1DD876C21DFA98FE00AA5D43 /* SDWebImage */,
				1DD876BD1DF7F1A400AA5D43 /* playmusic */,
				1DB223B01DF57A0C00702A3F /* protocol */,
				1DC7E2D31DF51BDE0087D6AF /* musicqueue */,
				1D7B27341DF0080300A1C1A1 /* transition */,
				1D7B26C31DEEDED200A1C1A1 /* search */,
				1D7B26871DEEBB1900A1C1A1 /* audio */,
				1D7B267D1DED3D9100A1C1A1 /* util */,
				1D7B26741DED1F2B00A1C1A1 /* main */,
				1D7B26601DED1D6F00A1C1A1 /* AppDelegate.h */,
				1D7B26611DED1D6F00A1C1A1 /* AppDelegate.m */,
				1D7B26691DED1D6F00A1C1A1 /* Assets.xcassets */,
				1D7B266E1DED1D6F00A1C1A1 /* Info.plist */,
				1D7B265D1DED1D6F00A1C1A1 /* Supporting Files */,
			);
			path = vmusic;
			sourceTree = "<group>";
		};
		1D7B265D1DED1D6F00A1C1A1 /* Supporting Files */ = {
			isa = PBXGroup;
			children = (
				1D7B265E1DED1D6F00A1C1A1 /* main.m */,
			);
			name = "Supporting Files";
			sourceTree = "<group>";
		};
		1D7B26741DED1F2B00A1C1A1 /* main */ = {
			isa = PBXGroup;
			children = (
				1D7B26751DED1F4C00A1C1A1 /* MainViewController.h */,
				1D7B26761DED1F4C00A1C1A1 /* MainViewController.m */,
			);
			name = main;
			sourceTree = "<group>";
		};
		1D7B267D1DED3D9100A1C1A1 /* util */ = {
			isa = PBXGroup;
			children = (
				1DE3C53C1DFE88090061081B /* dbhelper */,
				1DD8770A1DFBDD4400AA5D43 /* transbg */,
				1DD877061DFBB79A00AA5D43 /* fileutils */,
				177CB99D1DF432FF00E197C9 /* tingsongutil */,
				177CB99C1DF4186C00E197C9 /* http */,
				177CB9981DF4048E00E197C9 /* quque */,
				1D7B26831DEE8EA600A1C1A1 /* colorhelper */,
				1D7B26821DEE8E9300A1C1A1 /* color */,
			);
			name = util;
			sourceTree = "<group>";
		};
		1D7B26821DEE8E9300A1C1A1 /* color */ = {
			isa = PBXGroup;
			children = (
				1D7B267A1DED3D8D00A1C1A1 /* UIColor+ColorChange.h */,
				1D7B267B1DED3D8D00A1C1A1 /* UIColor+ColorChange.m */,
			);
			name = color;
			sourceTree = "<group>";
		};
		1D7B26831DEE8EA600A1C1A1 /* colorhelper */ = {
			isa = PBXGroup;
			children = (
				1D7B26841DEE999900A1C1A1 /* AlphaColorHelper.h */,
				1D7B26851DEE999900A1C1A1 /* AlphaColorHelper.m */,
			);
			name = colorhelper;
			sourceTree = "<group>";
		};
		1D7B26871DEEBB1900A1C1A1 /* audio */ = {
			isa = PBXGroup;
			children = (
				1D7B26A71DEED98100A1C1A1 /* NSMutableArray+STKAudioPlayer.h */,
				1D7B26A81DEED98100A1C1A1 /* NSMutableArray+STKAudioPlayer.m */,
				1D7B26A91DEED98100A1C1A1 /* STKAudioPlayer.h */,
				1D7B26AA1DEED98100A1C1A1 /* STKAudioPlayer.m */,
				1D7B26AB1DEED98100A1C1A1 /* STKAutoRecoveringHTTPDataSource.h */,
				1D7B26AC1DEED98100A1C1A1 /* STKAutoRecoveringHTTPDataSource.m */,
				1D7B26AD1DEED98100A1C1A1 /* STKCoreFoundationDataSource.h */,
				1D7B26AE1DEED98100A1C1A1 /* STKCoreFoundationDataSource.m */,
				1D7B26AF1DEED98100A1C1A1 /* STKDataSource.h */,
				1D7B26B01DEED98100A1C1A1 /* STKDataSource.m */,
				1D7B26B11DEED98100A1C1A1 /* STKDataSourceWrapper.h */,
				1D7B26B21DEED98100A1C1A1 /* STKDataSourceWrapper.m */,
				1D7B26B31DEED98100A1C1A1 /* STKHTTPDataSource.h */,
				1D7B26B41DEED98100A1C1A1 /* STKHTTPDataSource.m */,
				1D7B26B51DEED98100A1C1A1 /* STKLocalFileDataSource.h */,
				1D7B26B61DEED98100A1C1A1 /* STKLocalFileDataSource.m */,
				1D7B26B71DEED98100A1C1A1 /* STKQueueEntry.h */,
				1D7B26B81DEED98100A1C1A1 /* STKQueueEntry.m */,
				1D7B26B91DEED98100A1C1A1 /* StreamingKit-Prefix.pch */,
			);
			name = audio;
			sourceTree = "<group>";
		};
		1D7B26A41DEEBBCE00A1C1A1 /* Frameworks */ = {
			isa = PBXGroup;
			children = (
				1DE3C53A1DFE58E60061081B /* libsqlite3.0.tbd */,
				1DD877041DFABAD500AA5D43 /* CoreImage.framework */,
				1D7B26A51DEEBBCE00A1C1A1 /* AVFoundation.framework */,
			);
			name = Frameworks;
			sourceTree = "<group>";
		};
		1D7B26C31DEEDED200A1C1A1 /* search */ = {
			isa = PBXGroup;
			children = (
				1D7B27571DF15F2A00A1C1A1 /* SearchModel */,
				1D7B27531DF11BB800A1C1A1 /* searchcell */,
				1D7B26C41DEEDEF100A1C1A1 /* SearchViewController.h */,
				1D7B26C51DEEDEF100A1C1A1 /* SearchViewController.m */,
			);
			name = search;
			sourceTree = "<group>";
		};
		1D7B27341DF0080300A1C1A1 /* transition */ = {
			isa = PBXGroup;
			children = (
				1D7B27351DF0085000A1C1A1 /* SCGestureTransitionBackContext.h */,
				1D7B27361DF0085000A1C1A1 /* SCGestureTransitionBackContext.m */,
				1D7B27371DF0085000A1C1A1 /* SCNormalDismissTransition.h */,
				1D7B27381DF0085000A1C1A1 /* SCNormalDismissTransition.m */,
				1D7B27391DF0085000A1C1A1 /* SCNormalPresentTransition.h */,
				1D7B273A1DF0085000A1C1A1 /* SCNormalPresentTransition.m */,
				1D7B273B1DF0085000A1C1A1 /* SCPresentTransition.h */,
				1D7B273C1DF0085000A1C1A1 /* SCPresentTransition.m */,
				1D7B273D1DF0085000A1C1A1 /* SCPushTransition.h */,
				1D7B273E1DF0085000A1C1A1 /* SCPushTransition.m */,
				1D7B273F1DF0085000A1C1A1 /* SCSwipeBackInteractionController.h */,
				1D7B27401DF0085000A1C1A1 /* SCSwipeBackInteractionController.m */,
				1D7B27411DF0085000A1C1A1 /* SCTransitionDelegateManager.h */,
				1D7B27421DF0085000A1C1A1 /* SCTransitionDelegateManager.m */,
				1D7B27431DF0085000A1C1A1 /* SCZoomDismissTransition.h */,
				1D7B27441DF0085000A1C1A1 /* SCZoomDismissTransition.m */,
				1D7B27451DF0085000A1C1A1 /* SCZoomPresentTransition.h */,
				1D7B27461DF0085000A1C1A1 /* SCZoomPresentTransition.m */,
				1D7B27471DF0085000A1C1A1 /* UIView+Capture.h */,
				1D7B27481DF0085000A1C1A1 /* UIView+Capture.m */,
			);
			name = transition;
			sourceTree = "<group>";
		};
		1D7B27531DF11BB800A1C1A1 /* searchcell */ = {
			isa = PBXGroup;
			children = (
				1D7B27541DF11BD700A1C1A1 /* SearchSongCell.h */,
				1D7B27551DF11BD700A1C1A1 /* SearchSongCell.m */,
			);
			name = searchcell;
			sourceTree = "<group>";
		};
		1D7B27571DF15F2A00A1C1A1 /* SearchModel */ = {
			isa = PBXGroup;
			children = (
				1D7B27581DF15F4A00A1C1A1 /* TingSong.h */,
				1D7B27591DF15F4A00A1C1A1 /* TingSong.m */,
				1D7B277D1DF162BE00A1C1A1 /* TingAudition.h */,
				1D7B277E1DF162BE00A1C1A1 /* TingAudition.m */,
			);
			name = SearchModel;
			sourceTree = "<group>";
		};
		1DB223B01DF57A0C00702A3F /* protocol */ = {
			isa = PBXGroup;
			children = (
				1DB223B11DF57A5C00702A3F /* AudioPlayerDelegate.h */,
				1DB223B21DF57A5C00702A3F /* AudioPlayerDelegate.m */,
			);
			name = protocol;
			sourceTree = "<group>";
		};
		1DC7E2D31DF51BDE0087D6AF /* musicqueue */ = {
			isa = PBXGroup;
			children = (
				1DC7E2D41DF51CBB0087D6AF /* MusicQueueSheetView.h */,
				1DC7E2D51DF51CBB0087D6AF /* MusicQueueSheetView.m */,
				1DC7E2D71DF542EC0087D6AF /* MusicQueueCell.h */,
				1DC7E2D81DF542EC0087D6AF /* MusicQueueCell.m */,
			);
			name = musicqueue;
			sourceTree = "<group>";
		};
		1DD876BD1DF7F1A400AA5D43 /* playmusic */ = {
			isa = PBXGroup;
			children = (
				1DD876BE1DF7F69200AA5D43 /* PlayMusicViewController.h */,
				1DD876BF1DF7F69200AA5D43 /* PlayMusicViewController.m */,
			);
			name = playmusic;
			sourceTree = "<group>";
		};
		1DD876C21DFA98FE00AA5D43 /* SDWebImage */ = {
			isa = PBXGroup;
			children = (
				1DD876C61DFA98FE00AA5D43 /* MKAnnotationView+WebCache.h */,
				1DD876C71DFA98FE00AA5D43 /* MKAnnotationView+WebCache.m */,
				1DD876C81DFA98FE00AA5D43 /* NSData+ImageContentType.h */,
				1DD876C91DFA98FE00AA5D43 /* NSData+ImageContentType.m */,
				1DD876CA1DFA98FE00AA5D43 /* NSImage+WebCache.h */,
				1DD876CB1DFA98FE00AA5D43 /* NSImage+WebCache.m */,
				1DD876CC1DFA98FE00AA5D43 /* SDImageCache.h */,
				1DD876CD1DFA98FE00AA5D43 /* SDImageCache.m */,
				1DD876CE1DFA98FE00AA5D43 /* SDImageCacheConfig.h */,
				1DD876CF1DFA98FE00AA5D43 /* SDImageCacheConfig.m */,
				1DD876D01DFA98FE00AA5D43 /* SDWebImageCompat.h */,
				1DD876D11DFA98FE00AA5D43 /* SDWebImageCompat.m */,
				1DD876D21DFA98FE00AA5D43 /* SDWebImageDecoder.h */,
				1DD876D31DFA98FE00AA5D43 /* SDWebImageDecoder.m */,
				1DD876D41DFA98FE00AA5D43 /* SDWebImageDownloader.h */,
				1DD876D51DFA98FE00AA5D43 /* SDWebImageDownloader.m */,
				1DD876D61DFA98FE00AA5D43 /* SDWebImageDownloaderOperation.h */,
				1DD876D71DFA98FE00AA5D43 /* SDWebImageDownloaderOperation.m */,
				1DD876D81DFA98FE00AA5D43 /* SDWebImageManager.h */,
				1DD876D91DFA98FE00AA5D43 /* SDWebImageManager.m */,
				1DD876DA1DFA98FE00AA5D43 /* SDWebImageOperation.h */,
				1DD876DB1DFA98FE00AA5D43 /* SDWebImagePrefetcher.h */,
				1DD876DC1DFA98FE00AA5D43 /* SDWebImagePrefetcher.m */,
				1DD876DD1DFA98FE00AA5D43 /* UIButton+WebCache.h */,
				1DD876DE1DFA98FE00AA5D43 /* UIButton+WebCache.m */,
				1DD876DF1DFA98FE00AA5D43 /* UIImage+GIF.h */,
				1DD876E01DFA98FE00AA5D43 /* UIImage+GIF.m */,
				1DD876E11DFA98FE00AA5D43 /* UIImage+MultiFormat.h */,
				1DD876E21DFA98FE00AA5D43 /* UIImage+MultiFormat.m */,
				1DD876E31DFA98FE00AA5D43 /* UIImage+WebP.h */,
				1DD876E41DFA98FE00AA5D43 /* UIImage+WebP.m */,
				1DD876E51DFA98FE00AA5D43 /* UIImageView+HighlightedWebCache.h */,
				1DD876E61DFA98FE00AA5D43 /* UIImageView+HighlightedWebCache.m */,
				1DD876E71DFA98FE00AA5D43 /* UIImageView+WebCache.h */,
				1DD876E81DFA98FE00AA5D43 /* UIImageView+WebCache.m */,
				1DD876E91DFA98FE00AA5D43 /* UIView+WebCache.h */,
				1DD876EA1DFA98FE00AA5D43 /* UIView+WebCache.m */,
				1DD876EB1DFA98FE00AA5D43 /* UIView+WebCacheOperation.h */,
				1DD876EC1DFA98FE00AA5D43 /* UIView+WebCacheOperation.m */,
			);
			path = SDWebImage;
			sourceTree = "<group>";
		};
		1DD877061DFBB79A00AA5D43 /* fileutils */ = {
			isa = PBXGroup;
			children = (
				1DD877071DFBB7BB00AA5D43 /* FileUtils.h */,
				1DD877081DFBB7BB00AA5D43 /* FileUtils.m */,
			);
			name = fileutils;
			sourceTree = "<group>";
		};
		1DD8770A1DFBDD4400AA5D43 /* transbg */ = {
			isa = PBXGroup;
			children = (
				1DD8770B1DFBDD5C00AA5D43 /* AlphaUtil.h */,
				1DD8770C1DFBDD5C00AA5D43 /* AlphaUtil.m */,
			);
			name = transbg;
			sourceTree = "<group>";
		};
		1DE3C5271DFE58510061081B /* fmdb */ = {
			isa = PBXGroup;
			children = (
				1DE3C5281DFE58510061081B /* FMDatabase.h */,
				1DE3C5291DFE58510061081B /* FMDatabase.m */,
				1DE3C52A1DFE58510061081B /* FMDatabaseAdditions.h */,
				1DE3C52B1DFE58510061081B /* FMDatabaseAdditions.m */,
				1DE3C52C1DFE58510061081B /* FMDatabasePool.h */,
				1DE3C52D1DFE58510061081B /* FMDatabasePool.m */,
				1DE3C52E1DFE58510061081B /* FMDatabaseQueue.h */,
				1DE3C52F1DFE58510061081B /* FMDatabaseQueue.m */,
				1DE3C5301DFE58510061081B /* FMDB.h */,
				1DE3C5311DFE58510061081B /* FMResultSet.h */,
				1DE3C5321DFE58510061081B /* FMResultSet.m */,
				1DE3C5331DFE58510061081B /* Info.plist */,
			);
			path = fmdb;
			sourceTree = "<group>";
		};
		1DE3C53C1DFE88090061081B /* dbhelper */ = {
			isa = PBXGroup;
			children = (
				1DE3C53D1DFE88180061081B /* DBHelper.h */,
				1DE3C53E1DFE88180061081B /* DBHelper.m */,
			);
			name = dbhelper;
			sourceTree = "<group>";
		};
		1DE3C5401DFF937C0061081B /* songdownload */ = {
			isa = PBXGroup;
			children = (
				1DE3C5411DFF93A00061081B /* SongDownloadViewController.h */,
				1DE3C5421DFF93A00061081B /* SongDownloadViewController.m */,
			);
			name = songdownload;
			sourceTree = "<group>";
		};
/* End PBXGroup section */

/* Begin PBXNativeTarget section */
		1D7B26591DED1D6F00A1C1A1 /* vmusic */ = {
			isa = PBXNativeTarget;
			buildConfigurationList = 1D7B26711DED1D6F00A1C1A1 /* Build configuration list for PBXNativeTarget "vmusic" */;
			buildPhases = (
				1D7B26561DED1D6F00A1C1A1 /* Sources */,
				1D7B26571DED1D6F00A1C1A1 /* Frameworks */,
				1D7B26581DED1D6F00A1C1A1 /* Resources */,
			);
			buildRules = (
			);
			dependencies = (
			);
			name = vmusic;
			productName = vmusic;
			productReference = 1D7B265A1DED1D6F00A1C1A1 /* vmusic.app */;
			productType = "com.apple.product-type.application";
		};
/* End PBXNativeTarget section */

/* Begin PBXProject section */
		1D7B26521DED1D6F00A1C1A1 /* Project object */ = {
			isa = PBXProject;
			attributes = {
				LastUpgradeCheck = 0810;
				ORGANIZATIONNAME = vac;
				TargetAttributes = {
					1D7B26591DED1D6F00A1C1A1 = {
						CreatedOnToolsVersion = 8.1;
						DevelopmentTeam = 92J3D5S8UZ;
						ProvisioningStyle = Automatic;
						SystemCapabilities = {
							com.apple.BackgroundModes = {
								enabled = 1;
							};
						};
					};
				};
			};
			buildConfigurationList = 1D7B26551DED1D6F00A1C1A1 /* Build configuration list for PBXProject "vmusic" */;
			compatibilityVersion = "Xcode 3.2";
			developmentRegion = English;
			hasScannedForEncodings = 0;
			knownRegions = (
				en,
				Base,
			);
			mainGroup = 1D7B26511DED1D6F00A1C1A1;
			productRefGroup = 1D7B265B1DED1D6F00A1C1A1 /* Products */;
			projectDirPath = "";
			projectRoot = "";
			targets = (
				1D7B26591DED1D6F00A1C1A1 /* vmusic */,
			);
		};
/* End PBXProject section */

/* Begin PBXResourcesBuildPhase section */
		1D7B26581DED1D6F00A1C1A1 /* Resources */ = {
			isa = PBXResourcesBuildPhase;
			buildActionMask = 2147483647;
			files = (
				1DE3C5391DFE58510061081B /* Info.plist in Resources */,
				1D7B266A1DED1D6F00A1C1A1 /* Assets.xcassets in Resources */,
			);
			runOnlyForDeploymentPostprocessing = 0;
		};
/* End PBXResourcesBuildPhase section */

/* Begin PBXSourcesBuildPhase section */
		1D7B26561DED1D6F00A1C1A1 /* Sources */ = {
			isa = PBXSourcesBuildPhase;
			buildActionMask = 2147483647;
			files = (
				1DD876FD1DFA98FE00AA5D43 /* UIImageView+HighlightedWebCache.m in Sources */,
				1D7B27501DF0085000A1C1A1 /* SCZoomDismissTransition.m in Sources */,
				1DC7E2D91DF542EC0087D6AF /* MusicQueueCell.m in Sources */,
				1DD876FF1DFA98FE00AA5D43 /* UIView+WebCache.m in Sources */,
				1D7B26621DED1D6F00A1C1A1 /* AppDelegate.m in Sources */,
				1D7B274B1DF0085000A1C1A1 /* SCNormalPresentTransition.m in Sources */,
				1D7B26BF1DEED98100A1C1A1 /* STKDataSourceWrapper.m in Sources */,
				1D7B26BB1DEED98100A1C1A1 /* STKAudioPlayer.m in Sources */,
				1D7B26C21DEED98100A1C1A1 /* STKQueueEntry.m in Sources */,
				1D7B275A1DF15F4A00A1C1A1 /* TingSong.m in Sources */,
				1D7B26C01DEED98100A1C1A1 /* STKHTTPDataSource.m in Sources */,
				1DD8770D1DFBDD5C00AA5D43 /* AlphaUtil.m in Sources */,
				1D7B27491DF0085000A1C1A1 /* SCGestureTransitionBackContext.m in Sources */,
				1DD876F11DFA98FE00AA5D43 /* SDImageCache.m in Sources */,
				1DB223B31DF57A5C00702A3F /* AudioPlayerDelegate.m in Sources */,
				1DD876F71DFA98FE00AA5D43 /* SDWebImageManager.m in Sources */,
				1DD876FE1DFA98FE00AA5D43 /* UIImageView+WebCache.m in Sources */,
				1DD877001DFA98FE00AA5D43 /* UIView+WebCacheOperation.m in Sources */,
				1D7B26BC1DEED98100A1C1A1 /* STKAutoRecoveringHTTPDataSource.m in Sources */,
				1DD876F01DFA98FE00AA5D43 /* NSImage+WebCache.m in Sources */,
				1D7B27561DF11BD700A1C1A1 /* SearchSongCell.m in Sources */,
				1D7B26BE1DEED98100A1C1A1 /* STKDataSource.m in Sources */,
				1DD877091DFBB7BB00AA5D43 /* FileUtils.m in Sources */,
				1D7B26C61DEEDEF100A1C1A1 /* SearchViewController.m in Sources */,
				1D7B274F1DF0085000A1C1A1 /* SCTransitionDelegateManager.m in Sources */,
				1DD876C01DF7F69200AA5D43 /* PlayMusicViewController.m in Sources */,
				1DD876EE1DFA98FE00AA5D43 /* MKAnnotationView+WebCache.m in Sources */,
				1D7B267C1DED3D8D00A1C1A1 /* UIColor+ColorChange.m in Sources */,
				1D7B274A1DF0085000A1C1A1 /* SCNormalDismissTransition.m in Sources */,
				1DD876F61DFA98FE00AA5D43 /* SDWebImageDownloaderOperation.m in Sources */,
				1D7B277F1DF162BE00A1C1A1 /* TingAudition.m in Sources */,
				1DE3C5341DFE58510061081B /* FMDatabase.m in Sources */,
				1D7B274D1DF0085000A1C1A1 /* SCPushTransition.m in Sources */,
				1DE3C5361DFE58510061081B /* FMDatabasePool.m in Sources */,
				1D7B274C1DF0085000A1C1A1 /* SCPresentTransition.m in Sources */,
				1DD876FC1DFA98FE00AA5D43 /* UIImage+WebP.m in Sources */,
				1DD876F51DFA98FE00AA5D43 /* SDWebImageDownloader.m in Sources */,
				1DE3C5431DFF93A00061081B /* SongDownloadViewController.m in Sources */,
				1D7B274E1DF0085000A1C1A1 /* SCSwipeBackInteractionController.m in Sources */,
				1D7B27521DF0085000A1C1A1 /* UIView+Capture.m in Sources */,
				1D7B26771DED1F4C00A1C1A1 /* MainViewController.m in Sources */,
				1DD876FB1DFA98FE00AA5D43 /* UIImage+MultiFormat.m in Sources */,
				1DD876F41DFA98FE00AA5D43 /* SDWebImageDecoder.m in Sources */,
				1D7B26861DEE999900A1C1A1 /* AlphaColorHelper.m in Sources */,
				1D7B26BA1DEED98100A1C1A1 /* NSMutableArray+STKAudioPlayer.m in Sources */,
				177CB9A01DF4331B00E197C9 /* TingSongUtil.m in Sources */,
				1DD876F91DFA98FE00AA5D43 /* UIButton+WebCache.m in Sources */,
				1DE3C5371DFE58510061081B /* FMDatabaseQueue.m in Sources */,
				1D7B265F1DED1D6F00A1C1A1 /* main.m in Sources */,
				1DD876F81DFA98FE00AA5D43 /* SDWebImagePrefetcher.m in Sources */,
				1DC7E2D61DF51CBB0087D6AF /* MusicQueueSheetView.m in Sources */,
				1D7B26BD1DEED98100A1C1A1 /* STKCoreFoundationDataSource.m in Sources */,
				1DD876F21DFA98FE00AA5D43 /* SDImageCacheConfig.m in Sources */,
				1DD876FA1DFA98FE00AA5D43 /* UIImage+GIF.m in Sources */,
				1DD876EF1DFA98FE00AA5D43 /* NSData+ImageContentType.m in Sources */,
				1DE3C5381DFE58510061081B /* FMResultSet.m in Sources */,
				1DE3C53F1DFE88180061081B /* DBHelper.m in Sources */,
				177CB99B1DF4049B00E197C9 /* MyMusicQueueId.m in Sources */,
				1DE3C5351DFE58510061081B /* FMDatabaseAdditions.m in Sources */,
				1D7B27511DF0085000A1C1A1 /* SCZoomPresentTransition.m in Sources */,
				1DD876F31DFA98FE00AA5D43 /* SDWebImageCompat.m in Sources */,
				1D7B26C11DEED98100A1C1A1 /* STKLocalFileDataSource.m in Sources */,
			);
			runOnlyForDeploymentPostprocessing = 0;
		};
/* End PBXSourcesBuildPhase section */

/* Begin XCBuildConfiguration section */
		1D7B266F1DED1D6F00A1C1A1 /* Debug */ = {
			isa = XCBuildConfiguration;
			buildSettings = {
				ALWAYS_SEARCH_USER_PATHS = NO;
				CLANG_ANALYZER_NONNULL = YES;
				CLANG_CXX_LANGUAGE_STANDARD = "gnu++0x";
				CLANG_CXX_LIBRARY = "libc++";
				CLANG_ENABLE_MODULES = YES;
				CLANG_ENABLE_OBJC_ARC = YES;
				CLANG_WARN_BOOL_CONVERSION = YES;
				CLANG_WARN_CONSTANT_CONVERSION = YES;
				CLANG_WARN_DIRECT_OBJC_ISA_USAGE = YES_ERROR;
				CLANG_WARN_DOCUMENTATION_COMMENTS = YES;
				CLANG_WARN_EMPTY_BODY = YES;
				CLANG_WARN_ENUM_CONVERSION = YES;
				CLANG_WARN_INFINITE_RECURSION = YES;
				CLANG_WARN_INT_CONVERSION = YES;
				CLANG_WARN_OBJC_ROOT_CLASS = YES_ERROR;
				CLANG_WARN_SUSPICIOUS_MOVES = YES;
				CLANG_WARN_UNREACHABLE_CODE = YES;
				CLANG_WARN__DUPLICATE_METHOD_MATCH = YES;
				"CODE_SIGN_IDENTITY[sdk=iphoneos*]" = "iPhone Developer";
				COPY_PHASE_STRIP = NO;
				DEBUG_INFORMATION_FORMAT = dwarf;
				ENABLE_STRICT_OBJC_MSGSEND = YES;
				ENABLE_TESTABILITY = YES;
				GCC_C_LANGUAGE_STANDARD = gnu99;
				GCC_DYNAMIC_NO_PIC = NO;
				GCC_NO_COMMON_BLOCKS = YES;
				GCC_OPTIMIZATION_LEVEL = 0;
				GCC_PREPROCESSOR_DEFINITIONS = (
					"DEBUG=1",
					"$(inherited)",
				);
				GCC_WARN_64_TO_32_BIT_CONVERSION = YES;
				GCC_WARN_ABOUT_RETURN_TYPE = YES_ERROR;
				GCC_WARN_UNDECLARED_SELECTOR = YES;
				GCC_WARN_UNINITIALIZED_AUTOS = YES_AGGRESSIVE;
				GCC_WARN_UNUSED_FUNCTION = YES;
				GCC_WARN_UNUSED_VARIABLE = YES;
				IPHONEOS_DEPLOYMENT_TARGET = 10.1;
				MTL_ENABLE_DEBUG_INFO = YES;
				ONLY_ACTIVE_ARCH = YES;
				SDKROOT = iphoneos;
			};
			name = Debug;
		};
		1D7B26701DED1D6F00A1C1A1 /* Release */ = {
			isa = XCBuildConfiguration;
			buildSettings = {
				ALWAYS_SEARCH_USER_PATHS = NO;
				CLANG_ANALYZER_NONNULL = YES;
				CLANG_CXX_LANGUAGE_STANDARD = "gnu++0x";
				CLANG_CXX_LIBRARY = "libc++";
				CLANG_ENABLE_MODULES = YES;
				CLANG_ENABLE_OBJC_ARC = YES;
				CLANG_WARN_BOOL_CONVERSION = YES;
				CLANG_WARN_CONSTANT_CONVERSION = YES;
				CLANG_WARN_DIRECT_OBJC_ISA_USAGE = YES_ERROR;
				CLANG_WARN_DOCUMENTATION_COMMENTS = YES;
				CLANG_WARN_EMPTY_BODY = YES;
				CLANG_WARN_ENUM_CONVERSION = YES;
				CLANG_WARN_INFINITE_RECURSION = YES;
				CLANG_WARN_INT_CONVERSION = YES;
				CLANG_WARN_OBJC_ROOT_CLASS = YES_ERROR;
				CLANG_WARN_SUSPICIOUS_MOVES = YES;
				CLANG_WARN_UNREACHABLE_CODE = YES;
				CLANG_WARN__DUPLICATE_METHOD_MATCH = YES;
				"CODE_SIGN_IDENTITY[sdk=iphoneos*]" = "iPhone Developer";
				COPY_PHASE_STRIP = NO;
				DEBUG_INFORMATION_FORMAT = "dwarf-with-dsym";
				ENABLE_NS_ASSERTIONS = NO;
				ENABLE_STRICT_OBJC_MSGSEND = YES;
				GCC_C_LANGUAGE_STANDARD = gnu99;
				GCC_NO_COMMON_BLOCKS = YES;
				GCC_WARN_64_TO_32_BIT_CONVERSION = YES;
				GCC_WARN_ABOUT_RETURN_TYPE = YES_ERROR;
				GCC_WARN_UNDECLARED_SELECTOR = YES;
				GCC_WARN_UNINITIALIZED_AUTOS = YES_AGGRESSIVE;
				GCC_WARN_UNUSED_FUNCTION = YES;
				GCC_WARN_UNUSED_VARIABLE = YES;
				IPHONEOS_DEPLOYMENT_TARGET = 10.1;
				MTL_ENABLE_DEBUG_INFO = NO;
				SDKROOT = iphoneos;
				VALIDATE_PRODUCT = YES;
			};
			name = Release;
		};
		1D7B26721DED1D6F00A1C1A1 /* Debug */ = {
			isa = XCBuildConfiguration;
			buildSettings = {
				ASSETCATALOG_COMPILER_APPICON_NAME = AppIcon;
				DEVELOPMENT_TEAM = 92J3D5S8UZ;
				INFOPLIST_FILE = vmusic/Info.plist;
				LD_RUNPATH_SEARCH_PATHS = "$(inherited) @executable_path/Frameworks";
				PRODUCT_BUNDLE_IDENTIFIER = com.vac.vmusic;
				PRODUCT_NAME = "$(TARGET_NAME)";
			};
			name = Debug;
		};
		1D7B26731DED1D6F00A1C1A1 /* Release */ = {
			isa = XCBuildConfiguration;
			buildSettings = {
				ASSETCATALOG_COMPILER_APPICON_NAME = AppIcon;
				DEVELOPMENT_TEAM = 92J3D5S8UZ;
				INFOPLIST_FILE = vmusic/Info.plist;
				LD_RUNPATH_SEARCH_PATHS = "$(inherited) @executable_path/Frameworks";
				PRODUCT_BUNDLE_IDENTIFIER = com.vac.vmusic;
				PRODUCT_NAME = "$(TARGET_NAME)";
			};
			name = Release;
		};
/* End XCBuildConfiguration section */

/* Begin XCConfigurationList section */
		1D7B26551DED1D6F00A1C1A1 /* Build configuration list for PBXProject "vmusic" */ = {
			isa = XCConfigurationList;
			buildConfigurations = (
				1D7B266F1DED1D6F00A1C1A1 /* Debug */,
				1D7B26701DED1D6F00A1C1A1 /* Release */,
			);
			defaultConfigurationIsVisible = 0;
			defaultConfigurationName = Release;
		};
		1D7B26711DED1D6F00A1C1A1 /* Build configuration list for PBXNativeTarget "vmusic" */ = {
			isa = XCConfigurationList;
			buildConfigurations = (
				1D7B26721DED1D6F00A1C1A1 /* Debug */,
				1D7B26731DED1D6F00A1C1A1 /* Release */,
			);
			defaultConfigurationIsVisible = 0;
			defaultConfigurationName = Release;
		};
/* End XCConfigurationList section */
	};
	rootObject = 1D7B26521DED1D6F00A1C1A1 /* Project object */;
}
